<?xml version="1.0" encoding="utf-8"?>
<Project ToolsVersion="4.0" xmlns="http://schemas.microsoft.com/developer/msbuild/2003">
  <ItemGroup>
    <Filter Include="�\�[�X �t�@�C��\Color">
      <UniqueIdentifier>{cfa94d34-6cdc-4389-abd6-4b1435855278}</UniqueIdentifier>
    </Filter>
    <Filter Include="�\�[�X �t�@�C��\Image">
      <UniqueIdentifier>{726ff667-eb1c-45dd-a05a-50a05afefcc8}</UniqueIdentifier>
    </Filter>
    <Filter Include="�\�[�X �t�@�C��\Asset">
      <UniqueIdentifier>{e88e6b5a-f92b-4636-947a-dc8d40b5dbfd}</UniqueIdentifier>
    </Filter>
    <Filter Include="�\�[�X �t�@�C��\ImageProcessing">
      <UniqueIdentifier>{c798c434-72ed-48b9-a184-4e4a66263c9d}</UniqueIdentifier>
    </Filter>
    <Filter Include="�\�[�X �t�@�C��\Codec">
      <UniqueIdentifier>{c5d0048e-3512-456d-a549-45f126c7e067}</UniqueIdentifier>
    </Filter>
    <Filter Include="�\�[�X �t�@�C��\Generator">
      <UniqueIdentifier>{3a86626d-b7bf-4179-9d6b-24ec4ef13cb3}</UniqueIdentifier>
    </Filter>
    <Filter Include="�\�[�X �t�@�C��\Mesh">
      <UniqueIdentifier>{55e2f88a-e71f-49f9-80a6-333b58a04e20}</UniqueIdentifier>
    </Filter>
    <Filter Include="�\�[�X �t�@�C��\Transform">
      <UniqueIdentifier>{98a04817-2353-478e-aa00-a89ce7d3a776}</UniqueIdentifier>
    </Filter>
    <Filter Include="�\�[�X �t�@�C��\Media">
      <UniqueIdentifier>{e67be41c-61a7-4c32-9af2-02fa044e410e}</UniqueIdentifier>
    </Filter>
    <Filter Include="�\�[�X �t�@�C��\Composition">
      <UniqueIdentifier>{8658e74c-c1a9-475a-a54c-a46d5beb4ffd}</UniqueIdentifier>
    </Filter>
    <Filter Include="�\�[�X �t�@�C��\Frame">
      <UniqueIdentifier>{3af90a02-3c61-48d7-826c-46ed7c78d58a}</UniqueIdentifier>
    </Filter>
    <Filter Include="�\�[�X �t�@�C��\Layer">
      <UniqueIdentifier>{b8d8951f-1dd1-45d1-af84-a529ca9f7d65}</UniqueIdentifier>
    </Filter>
    <Filter Include="�\�[�X �t�@�C��\Rule">
      <UniqueIdentifier>{ff64a0ca-6f89-4fd3-84f8-6a66ffb213ba}</UniqueIdentifier>
    </Filter>
    <Filter Include="�\�[�X �t�@�C��\Platform">
      <UniqueIdentifier>{0dbfbd31-f0b9-453a-b38d-216263ee2b94}</UniqueIdentifier>
    </Filter>
    <Filter Include="�\�[�X �t�@�C��\ImageProcessing\GAPI">
      <UniqueIdentifier>{491a9bc3-0033-422d-b4c5-7285e7f359f9}</UniqueIdentifier>
    </Filter>
    <Filter Include="�\�[�X �t�@�C��\ImageProcessing\Halide">
      <UniqueIdentifier>{9277dfaa-43f5-4b86-b090-fa7db456cb2f}</UniqueIdentifier>
    </Filter>
    <Filter Include="�\�[�X �t�@�C��\GPU">
      <UniqueIdentifier>{9d3e77ee-5655-4e8d-b0c5-a943fb1b094a}</UniqueIdentifier>
    </Filter>
    <Filter Include="�\�[�X �t�@�C��\Draw">
      <UniqueIdentifier>{b3be87da-c266-4a84-b029-0a8b2393346c}</UniqueIdentifier>
    </Filter>
    <Filter Include="�\�[�X �t�@�C��\ImageProcessing\OpenCV">
      <UniqueIdentifier>{d294f833-b22b-4a27-8cf3-410051d711b1}</UniqueIdentifier>
    </Filter>
    <Filter Include="�\�[�X �t�@�C��\Core">
      <UniqueIdentifier>{dd8e7653-6d53-4e97-871d-450e8fc6b978}</UniqueIdentifier>
    </Filter>
    <Filter Include="�\�[�X �t�@�C��\Image\Halide">
      <UniqueIdentifier>{1e538eb9-2c2c-4f60-977d-278abd461d83}</UniqueIdentifier>
    </Filter>
    <Filter Include="�\�[�X �t�@�C��\Utils">
      <UniqueIdentifier>{5f672dfe-0cac-4f26-98da-05cbebde1042}</UniqueIdentifier>
    </Filter>
    <Filter Include="�\�[�X �t�@�C��\Analyze">
      <UniqueIdentifier>{4e8ac5fb-58f3-4bb2-9fb5-3409e311a3be}</UniqueIdentifier>
    </Filter>
    <Filter Include="�\�[�X �t�@�C��\Analyze\OpenCV">
      <UniqueIdentifier>{2ee62a63-b373-43ad-a316-e997cff78bfd}</UniqueIdentifier>
    </Filter>
    <Filter Include="�\�[�X �t�@�C��\Image\OpenCV">
      <UniqueIdentifier>{c88123f1-0c33-4104-bfa0-da430948cecf}</UniqueIdentifier>
    </Filter>
    <Filter Include="�\�[�X �t�@�C��\Physics">
      <UniqueIdentifier>{88b8416f-a227-4b47-8420-dcd75d5a6992}</UniqueIdentifier>
    </Filter>
    <Filter Include="�\�[�X �t�@�C��\File">
      <UniqueIdentifier>{2858191d-9cc3-4d7d-803e-c47ab88cd314}</UniqueIdentifier>
    </Filter>
    <Filter Include="�\�[�X �t�@�C��\Script">
      <UniqueIdentifier>{c8ff933a-ceca-4889-919d-bf8cc5c6e0a6}</UniqueIdentifier>
    </Filter>
    <Filter Include="�\�[�X �t�@�C��\Graphics">
      <UniqueIdentifier>{cd39b323-5805-4490-9b83-d2a5787e806b}</UniqueIdentifier>
    </Filter>
    <Filter Include="�\�[�X �t�@�C��\IO">
      <UniqueIdentifier>{d98e63e9-bae6-436e-9135-0c99fef66a36}</UniqueIdentifier>
    </Filter>
    <Filter Include="�\�[�X �t�@�C��\EnvironmentVariable">
      <UniqueIdentifier>{a76494b6-bef4-4ba5-94e5-743f4e3130fe}</UniqueIdentifier>
    </Filter>
    <Filter Include="�\�[�X �t�@�C��\ImageProcessing\DirectCompute">
      <UniqueIdentifier>{1b9e18d0-d758-4591-8f23-00c630e728ed}</UniqueIdentifier>
    </Filter>
    <Filter Include="�\�[�X �t�@�C��\Math">
      <UniqueIdentifier>{3089cf78-6c66-443f-9fbf-6cef7144d0a1}</UniqueIdentifier>
    </Filter>
    <Filter Include="�\�[�X �t�@�C��\Video">
      <UniqueIdentifier>{3fe5345d-3c93-4102-87e9-86ec00ddb777}</UniqueIdentifier>
    </Filter>
    <Filter Include="�\�[�X �t�@�C��\Test">
      <UniqueIdentifier>{97426195-731c-43d1-8b54-6e49ddf12a9c}</UniqueIdentifier>
    </Filter>
    <Filter Include="�\�[�X �t�@�C��\Render">
      <UniqueIdentifier>{19ec966e-638f-4fea-8645-188c19f15a36}</UniqueIdentifier>
    </Filter>
    <Filter Include="�\�[�X �t�@�C��\Graphics\Shader">
      <UniqueIdentifier>{b9a78df8-5a4f-46eb-a021-13668c6e37d0}</UniqueIdentifier>
    </Filter>
    <Filter Include="�\�[�X �t�@�C��\Common">
      <UniqueIdentifier>{9fa5c6d1-433a-40ac-a71a-d58c05659a3c}</UniqueIdentifier>
    </Filter>
    <Filter Include="�\�[�X �t�@�C��\Knob">
      <UniqueIdentifier>{1b7fc3cd-8334-4340-ba65-1aaf75f3edfe}</UniqueIdentifier>
    </Filter>
    <Filter Include="�\�[�X �t�@�C��\Audio">
      <UniqueIdentifier>{ce237cbb-9b20-4c99-ab0f-80ffe659c7ca}</UniqueIdentifier>
    </Filter>
    <Filter Include="�\�[�X �t�@�C��\Preview">
      <UniqueIdentifier>{a2aa4c18-5701-4fc7-928f-8ccce97a592c}</UniqueIdentifier>
    </Filter>
    <Filter Include="�\�[�X �t�@�C��\Time">
      <UniqueIdentifier>{7dc60d50-81d3-4cef-81c2-3e7d59307dce}</UniqueIdentifier>
    </Filter>
    <Filter Include="�\�[�X �t�@�C��\Thread">
      <UniqueIdentifier>{55309539-fb23-4959-a60f-c299ec9d9a6a}</UniqueIdentifier>
    </Filter>
    <Filter Include="�\�[�X �t�@�C��\Event">
      <UniqueIdentifier>{68cdae66-9f6f-4e9a-ad4f-275a6cb6fbe2}</UniqueIdentifier>
    </Filter>
    <Filter Include="�\�[�X �t�@�C��\Filesystem">
      <UniqueIdentifier>{fbf461fc-be0e-42fc-bf93-6c2df5fd914c}</UniqueIdentifier>
    </Filter>
    <Filter Include="�\�[�X �t�@�C��\Network">
      <UniqueIdentifier>{6159ae99-f8be-4acc-b80d-6c17837dd9b0}</UniqueIdentifier>
    </Filter>
    <Filter Include="�\�[�X �t�@�C��\Log">
      <UniqueIdentifier>{8573fcc1-6da7-40b1-ad6a-1da4ba72164f}</UniqueIdentifier>
    </Filter>
    <Filter Include="�\�[�X �t�@�C��\UI">
      <UniqueIdentifier>{c887c1e6-eab9-4567-8e26-55c7d5cc6c85}</UniqueIdentifier>
    </Filter>
    <Filter Include="�\�[�X �t�@�C��\Graphics\Texture">
      <UniqueIdentifier>{1be66da0-452f-4b38-95f0-4f02263aee61}</UniqueIdentifier>
    </Filter>
    <Filter Include="�\�[�X �t�@�C��\Command">
      <UniqueIdentifier>{43959553-e86e-4612-af2e-a427cc2879d0}</UniqueIdentifier>
    </Filter>
    <Filter Include="�\�[�X �t�@�C��\Animation">
      <UniqueIdentifier>{391697da-4995-492f-a377-95eabd77e70a}</UniqueIdentifier>
    </Filter>
    <Filter Include="�\�[�X �t�@�C��\Frame\Format">
      <UniqueIdentifier>{4a983046-c26b-413d-bd5e-cddd286a004e}</UniqueIdentifier>
    </Filter>
    <Filter Include="�\�[�X �t�@�C��\Script\Engine">
      <UniqueIdentifier>{c005cff4-c6b8-4f1b-8531-fdf18dbc8cb4}</UniqueIdentifier>
    </Filter>
    <Filter Include="�\�[�X �t�@�C��\Script\Engine\Func">
      <UniqueIdentifier>{c803cdb1-49f4-4573-a389-f2c6cf718117}</UniqueIdentifier>
    </Filter>
    <Filter Include="�\�[�X �t�@�C��\Script\Engine\Lexer">
      <UniqueIdentifier>{b0e2b6fa-fae1-420d-96c7-e453bf4312f1}</UniqueIdentifier>
    </Filter>
    <Filter Include="include">
      <UniqueIdentifier>{93995380-89BD-4b04-88EB-625FBE52EBFB}</UniqueIdentifier>
      <Extensions>h;hh;hpp;hxx;h++;hm;inl;inc;ipp;xsd</Extensions>
    </Filter>
    <Filter Include="include\Image">
      <UniqueIdentifier>{dcb74a76-a9d8-412b-9da6-21bdad182052}</UniqueIdentifier>
    </Filter>
    <Filter Include="include\Image\Halide">
      <UniqueIdentifier>{bbe3787e-729a-4815-bb30-0e3eda86e90c}</UniqueIdentifier>
    </Filter>
    <Filter Include="include\Image\OpenCV">
      <UniqueIdentifier>{926ce30f-4aa0-4e9a-8528-45a78003d47b}</UniqueIdentifier>
    </Filter>
    <Filter Include="include\Image\Vulkan">
      <UniqueIdentifier>{de72fe27-6316-4bdd-a54d-433f3dd153e5}</UniqueIdentifier>
    </Filter>
    <Filter Include="include\Image\Helper">
      <UniqueIdentifier>{b8f1fcdd-520b-45fb-a67d-00cddb8c9206}</UniqueIdentifier>
    </Filter>
    <Filter Include="include\ImageProcessing">
      <UniqueIdentifier>{16500490-ef36-4d24-843d-50b424ec7908}</UniqueIdentifier>
    </Filter>
    <Filter Include="include\ImageProcessing\Halide">
      <UniqueIdentifier>{6207af97-e17d-4a0e-9876-05d59229a9d9}</UniqueIdentifier>
    </Filter>
    <Filter Include="include\ImageProcessing\GAPI">
      <UniqueIdentifier>{f4721aa2-27f0-4b6d-ae9d-d71947ad8fa3}</UniqueIdentifier>
    </Filter>
    <Filter Include="include\ImageProcessing\OpenCV">
      <UniqueIdentifier>{95ed5fcb-1001-4197-bb71-a97d496e69ea}</UniqueIdentifier>
    </Filter>
    <Filter Include="include\ImageProcessing\ColorTransform">
      <UniqueIdentifier>{365d019a-0c17-4527-8460-9c4506ad3653}</UniqueIdentifier>
    </Filter>
    <Filter Include="include\ImageProcessing\Grading">
      <UniqueIdentifier>{4d9b9b06-57e9-41b2-962f-778cf20723c4}</UniqueIdentifier>
    </Filter>
    <Filter Include="include\ImageProcessing\DirectCompute">
      <UniqueIdentifier>{d86ffefc-f229-4bd1-bfb0-9ed10f35284f}</UniqueIdentifier>
    </Filter>
    <Filter Include="include\Asset">
      <UniqueIdentifier>{3a9112ba-bff9-434c-8e9d-ff9c0b5dec48}</UniqueIdentifier>
    </Filter>
    <Filter Include="include\Codec">
      <UniqueIdentifier>{6077b6a5-6d0a-4d88-8084-9a93bd7d86ca}</UniqueIdentifier>
    </Filter>
    <Filter Include="include\Color">
      <UniqueIdentifier>{457c2f11-9ad1-438b-8862-a1bcb1850f4a}</UniqueIdentifier>
    </Filter>
    <Filter Include="include\Generator">
      <UniqueIdentifier>{76daaacf-34eb-4371-863b-2cb0e46fe212}</UniqueIdentifier>
    </Filter>
    <Filter Include="include\Mesh">
      <UniqueIdentifier>{9ceaa50d-cf5a-4556-bdd4-2f86c03ea434}</UniqueIdentifier>
    </Filter>
    <Filter Include="include\Knob">
      <UniqueIdentifier>{69573baf-95cc-4cd2-92db-75b2085944ac}</UniqueIdentifier>
    </Filter>
    <Filter Include="include\Cache">
      <UniqueIdentifier>{4e035de1-eb08-4fcc-b34b-1b37671c9388}</UniqueIdentifier>
    </Filter>
    <Filter Include="include\Render">
      <UniqueIdentifier>{4561b96e-4a16-40be-a18d-92959afd4afc}</UniqueIdentifier>
    </Filter>
    <Filter Include="include\Script">
      <UniqueIdentifier>{3b8fe800-793e-430a-ab7c-976640d77123}</UniqueIdentifier>
    </Filter>
    <Filter Include="include\Script\hostfxr">
      <UniqueIdentifier>{825a0dc5-ca08-44ef-96c9-d7aeb7c807c7}</UniqueIdentifier>
    </Filter>
    <Filter Include="include\Script\Engine">
      <UniqueIdentifier>{2844deb0-2d12-4ff9-929d-e896c99fe1c0}</UniqueIdentifier>
    </Filter>
    <Filter Include="include\Script\Engine\Func">
      <UniqueIdentifier>{607177b7-8887-4725-b1f8-0748188d8abb}</UniqueIdentifier>
    </Filter>
    <Filter Include="include\Script\Engine\Value">
      <UniqueIdentifier>{6add6141-cf82-4e28-9c46-abc9941ce93f}</UniqueIdentifier>
    </Filter>
    <Filter Include="include\Script\Engine\Enviroment">
      <UniqueIdentifier>{b55f4900-9316-4f02-b003-ae4da6f96856}</UniqueIdentifier>
    </Filter>
    <Filter Include="include\Script\Engine\Lexer">
      <UniqueIdentifier>{9312bc86-fcc1-42c7-9e33-a32efc8a9dcd}</UniqueIdentifier>
    </Filter>
    <Filter Include="include\Composition">
      <UniqueIdentifier>{12ad6f73-f992-4a28-ae59-5ab8c93b174e}</UniqueIdentifier>
    </Filter>
    <Filter Include="include\Rule">
      <UniqueIdentifier>{9adf484d-6d82-40d1-938f-6076dea3533f}</UniqueIdentifier>
    </Filter>
    <Filter Include="include\File">
      <UniqueIdentifier>{8720a8ca-4df1-49f8-ae97-bd2cc8a8ed6d}</UniqueIdentifier>
    </Filter>
    <Filter Include="include\Transform">
      <UniqueIdentifier>{cbfae721-524e-4430-901b-9283294d7ec3}</UniqueIdentifier>
    </Filter>
    <Filter Include="include\Common">
      <UniqueIdentifier>{4e826d6c-3063-4437-902c-203daa344558}</UniqueIdentifier>
    </Filter>
    <Filter Include="include\Video">
      <UniqueIdentifier>{c2a3f5bb-ed6c-4418-a3ce-7963abd014a4}</UniqueIdentifier>
    </Filter>
    <Filter Include="include\Converter">
      <UniqueIdentifier>{d91d1b2c-258d-4fee-a41a-338666f660b7}</UniqueIdentifier>
    </Filter>
    <Filter Include="include\Media">
      <UniqueIdentifier>{8c58e782-074f-4b5b-b6f2-c173376bac83}</UniqueIdentifier>
    </Filter>
    <Filter Include="include\Layer">
      <UniqueIdentifier>{895429db-9508-4919-9bc0-ffee21ab44b7}</UniqueIdentifier>
    </Filter>
    <Filter Include="include\Frame">
      <UniqueIdentifier>{729d0fe1-3e60-4f7a-b85c-92ab170a4ccd}</UniqueIdentifier>
    </Filter>
    <Filter Include="include\Channel">
      <UniqueIdentifier>{14d38c51-e973-4b2e-acde-d02fc341476f}</UniqueIdentifier>
    </Filter>
    <Filter Include="include\third_party">
      <UniqueIdentifier>{769554a5-e719-4c5c-81aa-414c5f9aff56}</UniqueIdentifier>
    </Filter>
    <Filter Include="include\Audio">
      <UniqueIdentifier>{afde49ff-67bc-4851-8d56-dccf33fbd28e}</UniqueIdentifier>
    </Filter>
    <Filter Include="include\Define">
      <UniqueIdentifier>{6a668d61-770c-4aed-9d3c-1706f02e6c37}</UniqueIdentifier>
    </Filter>
    <Filter Include="include\Platform">
      <UniqueIdentifier>{38636d84-fc97-4c2c-91e2-fb1b5f3373f8}</UniqueIdentifier>
    </Filter>
    <Filter Include="include\GPU">
      <UniqueIdentifier>{f8dc6fb0-c1c2-449b-8436-74235812cece}</UniqueIdentifier>
    </Filter>
    <Filter Include="include\Linq">
      <UniqueIdentifier>{0540b31a-5dc0-47a5-9d0b-299055803892}</UniqueIdentifier>
    </Filter>
    <Filter Include="include\Core">
      <UniqueIdentifier>{a6774677-655e-40d8-a690-5701ab5a1c8b}</UniqueIdentifier>
    </Filter>
    <Filter Include="include\KeyFrame">
      <UniqueIdentifier>{cc29bf9f-1adf-4198-8ba0-7aa573548df1}</UniqueIdentifier>
    </Filter>
    <Filter Include="include\Analyze">
      <UniqueIdentifier>{cc6f9c4e-35be-499e-a4ba-fe1981784a3c}</UniqueIdentifier>
    </Filter>
    <Filter Include="include\Analyze\OpenCV">
      <UniqueIdentifier>{55f46a96-65bc-47c9-aa96-1523ba8a7b27}</UniqueIdentifier>
    </Filter>
    <Filter Include="include\Sound">
      <UniqueIdentifier>{949168d0-d1ab-4c7d-ae70-9ad8dfcb7136}</UniqueIdentifier>
    </Filter>
    <Filter Include="include\Test">
      <UniqueIdentifier>{42f18a43-d606-4d6e-95d4-d1b2a806ff4e}</UniqueIdentifier>
    </Filter>
    <Filter Include="include\IO">
      <UniqueIdentifier>{405245b7-cfe3-4c0c-ba36-e32f4b4c2165}</UniqueIdentifier>
    </Filter>
    <Filter Include="include\Physics">
      <UniqueIdentifier>{006ad42b-a33a-4b5e-8d6e-1849d2ad15ea}</UniqueIdentifier>
    </Filter>
    <Filter Include="include\Time">
      <UniqueIdentifier>{38464287-270a-49a8-9e86-35fd71706d70}</UniqueIdentifier>
    </Filter>
    <Filter Include="include\Geometry">
      <UniqueIdentifier>{bca77fd1-3d86-44e0-87db-dd69435b17ea}</UniqueIdentifier>
    </Filter>
    <Filter Include="include\Math">
      <UniqueIdentifier>{555f6cd0-af35-4d9d-9143-2e7e36d2e540}</UniqueIdentifier>
    </Filter>
    <Filter Include="include\Graphics">
      <UniqueIdentifier>{ce849b34-fa91-4b6f-82ba-d2a9c956d344}</UniqueIdentifier>
    </Filter>
    <Filter Include="include\Graphics\Shader">
      <UniqueIdentifier>{ee2b9b9d-e375-45b9-b8ca-ce32e7ff5a3f}</UniqueIdentifier>
    </Filter>
    <Filter Include="include\Graphics\Shader\Blend">
      <UniqueIdentifier>{170ba962-422c-476b-8c55-62ea54103a17}</UniqueIdentifier>
    </Filter>
    <Filter Include="include\Graphics\Shader\Blur">
      <UniqueIdentifier>{4a2e9048-4202-40fb-9564-aff57fe9baf2}</UniqueIdentifier>
    </Filter>
    <Filter Include="include\Graphics\Shader\Pixel">
      <UniqueIdentifier>{f3259412-c562-4bbc-9f78-f3a4e45c279e}</UniqueIdentifier>
    </Filter>
    <Filter Include="include\Graphics\Shader\Vertex">
      <UniqueIdentifier>{56222533-6c39-4333-986c-ed754e20e6f5}</UniqueIdentifier>
    </Filter>
    <Filter Include="include\Graphics\Shader\Compute">
      <UniqueIdentifier>{4ced6449-249c-422a-b499-dbf84c5babd4}</UniqueIdentifier>
    </Filter>
    <Filter Include="include\Graphics\Shader\Fx">
      <UniqueIdentifier>{e7c6004a-7a44-48d2-8050-14e31e4624ba}</UniqueIdentifier>
    </Filter>
    <Filter Include="include\Graphics\Shader\HLSL">
      <UniqueIdentifier>{6febfd84-a0f5-40d5-a231-66d5c43824d0}</UniqueIdentifier>
    </Filter>
    <Filter Include="include\Graphics\CBuffer">
      <UniqueIdentifier>{17480cfe-81b5-403c-b2ae-dd05100caeb6}</UniqueIdentifier>
    </Filter>
    <Filter Include="include\Graphics\Utils">
      <UniqueIdentifier>{9fc92a98-c316-4f0e-88db-a37b10bb74f9}</UniqueIdentifier>
    </Filter>
    <Filter Include="include\Graphics\Resource">
      <UniqueIdentifier>{674f3015-d9c1-42fd-9cfe-42642d6979d6}</UniqueIdentifier>
    </Filter>
    <Filter Include="include\Graphics\Texture">
      <UniqueIdentifier>{1e4dd861-dec1-4947-a3a8-7edba04389a2}</UniqueIdentifier>
    </Filter>
    <Filter Include="include\Utils">
      <UniqueIdentifier>{363d3253-b170-4b2b-9559-b2200b255b57}</UniqueIdentifier>
    </Filter>
    <Filter Include="include\Project">
      <UniqueIdentifier>{59b5d57f-eacd-4d93-a48c-80dce4e8d7c8}</UniqueIdentifier>
    </Filter>
    <Filter Include="include\EnviromentVariable">
      <UniqueIdentifier>{b1da1cb0-4e46-45dc-964c-e1921ed982f3}</UniqueIdentifier>
    </Filter>
    <Filter Include="include\Track">
      <UniqueIdentifier>{a58a7b8a-4562-4cf3-8a3d-3057173559c0}</UniqueIdentifier>
    </Filter>
    <Filter Include="include\Hash">
      <UniqueIdentifier>{2ff3a074-32ed-4f0f-a8f0-4bc65336a755}</UniqueIdentifier>
    </Filter>
    <Filter Include="include\Command">
      <UniqueIdentifier>{93cf0db2-19bc-43a4-b762-e3afd60e9a80}</UniqueIdentifier>
    </Filter>
    <Filter Include="include\Preview">
      <UniqueIdentifier>{7772fc74-af63-4fec-b954-600f7b5fa6be}</UniqueIdentifier>
    </Filter>
    <Filter Include="include\Thread">
      <UniqueIdentifier>{eef65b6f-07eb-4ad0-b186-ebb7da9696a7}</UniqueIdentifier>
    </Filter>
    <Filter Include="include\Log">
      <UniqueIdentifier>{f353ec22-0e03-4e1a-846b-861037f9a060}</UniqueIdentifier>
    </Filter>
    <Filter Include="include\Event">
      <UniqueIdentifier>{11b11e55-8a92-4012-ade8-cc2e9bd4804b}</UniqueIdentifier>
    </Filter>
    <Filter Include="include\UI">
      <UniqueIdentifier>{af226e3f-9b21-4bcc-b315-1cc799f00734}</UniqueIdentifier>
    </Filter>
    <Filter Include="include\FileSystem">
      <UniqueIdentifier>{6d39679c-1fc9-4eaa-a040-b68d022a29c9}</UniqueIdentifier>
    </Filter>
    <Filter Include="include\Network">
      <UniqueIdentifier>{fc1aef36-1a98-4446-bad0-cb67b8c9e576}</UniqueIdentifier>
    </Filter>
    <Filter Include="include\Tool">
      <UniqueIdentifier>{018c51ad-11d4-4459-92b9-16fdd4c5db2f}</UniqueIdentifier>
    </Filter>
    <Filter Include="include\Font">
      <UniqueIdentifier>{dca9c7c9-eedc-4627-a374-9c8446064a7f}</UniqueIdentifier>
    </Filter>
    <Filter Include="include\Input">
      <UniqueIdentifier>{08a92ea2-3d66-4ffa-83bf-9e00288117b7}</UniqueIdentifier>
    </Filter>
    <Filter Include="include\Container">
      <UniqueIdentifier>{e543ea65-4335-45a6-9e59-4ed00de2393b}</UniqueIdentifier>
    </Filter>
    <Filter Include="include\Animation">
      <UniqueIdentifier>{2b66b0c2-3eac-4c6d-baa2-98b94d64b64c}</UniqueIdentifier>
    </Filter>
    <Filter Include="include\VST">
      <UniqueIdentifier>{6d27308a-9037-4988-aa82-41bc98124414}</UniqueIdentifier>
    </Filter>
    <Filter Include="include\Icon">
      <UniqueIdentifier>{91ea3f5d-a305-40fd-84f3-7c8ab52166b2}</UniqueIdentifier>
    </Filter>
    <Filter Include="include\Particle">
      <UniqueIdentifier>{b7cf5b34-976c-4068-a421-229d17990472}</UniqueIdentifier>
    </Filter>
    <Filter Include="include\Format">
      <UniqueIdentifier>{ffa9633e-dff4-483a-bb36-7b875c1bbaed}</UniqueIdentifier>
    </Filter>
    <Filter Include="include\Geometory">
      <UniqueIdentifier>{f96d0218-168d-4a6e-a603-6a1ee8a03c87}</UniqueIdentifier>
    </Filter>
  </ItemGroup>
  <ItemGroup>
    <ClInclude Include="include\ImageProcessing\NoiseImageGenerator.ixx">
      <Filter>include\Generator</Filter>
    </ClInclude>
    <ClInclude Include="include\Video\GStreamerEncoder.ixx">
      <Filter>include\Codec</Filter>
    </ClInclude>
    <ClInclude Include="include\Image\FloatImage.hpp">
      <Filter>include\Image</Filter>
    </ClInclude>
    <ClInclude Include="include\Mesh\WavefrontObj.hpp">
      <Filter>include\Mesh</Filter>
    </ClInclude>
    <ClInclude Include="include\Mesh\FBX.hpp">
      <Filter>include\Mesh</Filter>
    </ClInclude>
    <ClInclude Include="include\Rule\NamingRule.hpp">
      <Filter>include\Rule</Filter>
    </ClInclude>
    <ClInclude Include="include\Image\RenderedImage.hpp">
      <Filter>include</Filter>
    </ClInclude>
    <ClInclude Include="include\ImageProcessing\Blur.hpp">
      <Filter>include\ImageProcessing</Filter>
    </ClInclude>
    <ClInclude Include="include\ImageProcessing\Halide\HalideFunc.hpp">
      <Filter>include\ImageProcessing\Halide</Filter>
    </ClInclude>
    <ClInclude Include="include\ImageProcessing\Halide\HalideArithmetic.hpp">
      <Filter>include\ImageProcessing\Halide</Filter>
    </ClInclude>
    <ClInclude Include="include\ImageProcessing\Halide\HalideMerge.hpp">
      <Filter>include\ImageProcessing\Halide</Filter>
    </ClInclude>
    <ClInclude Include="include\third_party\stb_image.h">
      <Filter>include\third_party</Filter>
    </ClInclude>
    <ClInclude Include="include\Composition\AbstractCompositionBuffer2D.ixx">
      <Filter>include\Composition</Filter>
    </ClInclude>
    <ClInclude Include="include\Image\FloatBitmapImage.hpp">
      <Filter>include</Filter>
    </ClInclude>
    <ClInclude Include="include\Define\DllExportMacro.hpp">
      <Filter>include\Define</Filter>
    </ClInclude>
    <ClInclude Include="include\Color\Alpha.ixx">
      <Filter>include\Color</Filter>
    </ClInclude>
  </ItemGroup>
  <ItemGroup>
    <ClCompile Include="src\Codec\GStreamerDecoder.cpp">
      <Filter>�\�[�X �t�@�C��\Codec</Filter>
    </ClCompile>
    <ClCompile Include="src\Mesh\WavefrontObj.cpp">
      <Filter>�\�[�X �t�@�C��\Mesh</Filter>
    </ClCompile>
    <ClCompile Include="src\Image\BitmapImage.cpp">
      <Filter>�\�[�X �t�@�C��\Image</Filter>
    </ClCompile>
    <ClCompile Include="src\Image\MeshEncoder.cpp">
      <Filter>�\�[�X �t�@�C��\Codec</Filter>
    </ClCompile>
    <ClCompile Include="src\Image\FloatImage.cpp">
      <Filter>�\�[�X �t�@�C��\Image</Filter>
    </ClCompile>
    <ClCompile Include="src\Asset\AssetMetaFile.cppm">
      <Filter>�\�[�X �t�@�C��\Asset</Filter>
    </ClCompile>
    <ClCompile Include="src\Asset\AbstractAssetFile.cppm">
      <Filter>�\�[�X �t�@�C��\Asset</Filter>
    </ClCompile>
    <ClCompile Include="src\Video\LibVLCDecoder.cpp">
      <Filter>�\�[�X �t�@�C��\Codec</Filter>
    </ClCompile>
    <ClCompile Include="src\AbstractDecoder.cpp">
      <Filter>�\�[�X �t�@�C��\Codec</Filter>
    </ClCompile>
    <ClCompile Include="src\Video\AbstractEncoder.cpp">
      <Filter>�\�[�X �t�@�C��\Codec</Filter>
    </ClCompile>
    <ClCompile Include="src\Media\MediaFrame.cpp">
      <Filter>�\�[�X �t�@�C��\Media</Filter>
    </ClCompile>
    <ClCompile Include="include\Image\CvMatPaintDevice.cpp">
      <Filter>�\�[�X �t�@�C��\Image</Filter>
    </ClCompile>
    <ClCompile Include="src\Composition\CompositionBuffer2D.cpp">
      <Filter>�\�[�X �t�@�C��\Composition</Filter>
    </ClCompile>
    <ClCompile Include="src\ImageProcessing\Blur.cpp">
      <Filter>�\�[�X �t�@�C��\ImageProcessing</Filter>
    </ClCompile>
    <ClCompile Include="src\Transform\Rotate.cpp">
      <Filter>�\�[�X �t�@�C��\Transform</Filter>
    </ClCompile>
    <ClCompile Include="src\Transform\StaticTransform3D.cpp">
      <Filter>�\�[�X �t�@�C��\Transform</Filter>
    </ClCompile>
    <ClCompile Include="src\Layer\Layer2D.cpp">
      <Filter>�\�[�X �t�@�C��\Layer</Filter>
    </ClCompile>
    <ClCompile Include="src\Color\FloatRGBA.cppm">
      <Filter>�\�[�X �t�@�C��\Color</Filter>
    </ClCompile>
    <ClCompile Include="src\Transform\Scale2D.cpp">
      <Filter>�\�[�X �t�@�C��\Transform</Filter>
    </ClCompile>
    <ClCompile Include="include\Channel\Channel.ixx">
      <Filter>include\Channel</Filter>
    </ClCompile>
    <ClCompile Include="include\Channel\Codec.ixx">
      <Filter>include\Codec</Filter>
    </ClCompile>
    <ClCompile Include="include\Channel\Generator.ixx">
      <Filter>include\Generator</Filter>
    </ClCompile>
    <ClCompile Include="include\Channel\OS.ixx">
      <Filter>include\Common</Filter>
    </ClCompile>
    <ClCompile Include="include\Frame\Frame.ixx">
      <Filter>include\Frame</Filter>
    </ClCompile>
    <ClCompile Include="include\Image\BitmapImage.ixx">
      <Filter>include\Image</Filter>
    </ClCompile>
    <ClCompile Include="include\Transform\Rotate2D.ixx">
      <Filter>include\Transform</Filter>
    </ClCompile>
    <ClCompile Include="include\Video\AbstractDecoder.ixx">
      <Filter>include\Codec</Filter>
    </ClCompile>
    <ClCompile Include="include\Video\LibVLCDecoder.ixx">
      <Filter>include\Codec</Filter>
    </ClCompile>
    <ClCompile Include="include\Transform\AnchorPoint.ixx">
      <Filter>include\Transform</Filter>
    </ClCompile>
    <ClCompile Include="include\Transform\AnchorPoint2D.ixx">
      <Filter>include\Transform</Filter>
    </ClCompile>
    <ClCompile Include="include\Transform\StaticTransform2D.ixx">
      <Filter>include\Transform</Filter>
    </ClCompile>
    <ClCompile Include="include\Transform\Scale2D.ixx">
      <Filter>include\Transform</Filter>
    </ClCompile>
    <ClCompile Include="include\Transform\Rotate.ixx">
      <Filter>include\Transform</Filter>
    </ClCompile>
    <ClCompile Include="src\Transform\ZoomScale.cpp">
      <Filter>�\�[�X �t�@�C��\Transform</Filter>
    </ClCompile>
    <ClCompile Include="include\Transform\ZoomScale.ixx">
      <Filter>include\Transform</Filter>
    </ClCompile>
    <ClCompile Include="include\Color\FloatColor.ixx">
      <Filter>include\Color</Filter>
    </ClCompile>
    <ClCompile Include="src\Color\FloatColor.cpp">
      <Filter>�\�[�X �t�@�C��\Color</Filter>
    </ClCompile>
    <ClCompile Include="include\Color\FloatRGBA.ixx">
      <Filter>include\Color</Filter>
    </ClCompile>
    <ClCompile Include="include\Asset\AssetConverter.ixx">
      <Filter>include\Asset</Filter>
    </ClCompile>
    <ClCompile Include="include\Video\AbstractEncoder.ixx">
      <Filter>include\Codec</Filter>
    </ClCompile>
    <ClCompile Include="include\Video\FFMpegEncoder.ixx">
      <Filter>include\Codec</Filter>
    </ClCompile>
    <ClCompile Include="include\Video\EncoderSetting.ixx">
      <Filter>include\Codec</Filter>
    </ClCompile>
    <ClCompile Include="include\Common\OperationgSystem.ixx">
      <Filter>include\Common</Filter>
    </ClCompile>
    <ClCompile Include="include\Mesh\Mesh.ixx">
      <Filter>include\Mesh</Filter>
    </ClCompile>
    <ClCompile Include="src\Mesh\Mesh.cpp">
      <Filter>�\�[�X �t�@�C��\Mesh</Filter>
    </ClCompile>
    <ClCompile Include="include\Media\MediaProbe.ixx">
      <Filter>include\Media</Filter>
    </ClCompile>
    <ClCompile Include="src\Media\MediaProbe.cpp">
      <Filter>�\�[�X �t�@�C��\Media</Filter>
    </ClCompile>
    <ClCompile Include="include\Media\MediaInfo.ixx">
      <Filter>include\Media</Filter>
    </ClCompile>
    <ClCompile Include="include\Platform\Platform.ixx">
      <Filter>include\Platform</Filter>
    </ClCompile>
    <ClCompile Include="src\Platform\Platform.cpp">
      <Filter>�\�[�X �t�@�C��\Platform</Filter>
    </ClCompile>
    <ClCompile Include="src\Media\MediaInfo.cpp">
      <Filter>�\�[�X �t�@�C��\Media</Filter>
    </ClCompile>
    <ClCompile Include="include\Image\ImageYUV420.ixx">
      <Filter>include\Image</Filter>
    </ClCompile>
    <ClCompile Include="include\Layer\LayerInfomation.ixx">
      <Filter>include\Layer</Filter>
    </ClCompile>
    <ClCompile Include="include\Image\Sarturation.ixx">
      <Filter>include\Color</Filter>
    </ClCompile>
    <ClCompile Include="src\Image\PNGImage.cpp">
      <Filter>�\�[�X �t�@�C��\Image</Filter>
    </ClCompile>
    <ClCompile Include="include\Image\ImageF32x4.ixx">
      <Filter>include\Image</Filter>
    </ClCompile>
    <ClCompile Include="include\Image\OpenEXR.ixx">
      <Filter>include\Image</Filter>
    </ClCompile>
    <ClCompile Include="include\ImageProcessing\AbstractImageEffect.ixx">
      <Filter>include\ImageProcessing</Filter>
    </ClCompile>
    <ClCompile Include="include\Image\Blur\BlurGAPI.cpp">
      <Filter>�\�[�X �t�@�C��\ImageProcessing\GAPI</Filter>
    </ClCompile>
    <ClCompile Include="src\ImageProcessing\Edge.cpp">
      <Filter>�\�[�X �t�@�C��\ImageProcessing</Filter>
    </ClCompile>
    <ClCompile Include="include\Frame\FrameRate.ixx">
      <Filter>include\Frame</Filter>
    </ClCompile>
    <ClCompile Include="src\Frame\FrameRate.cppm">
      <Filter>�\�[�X �t�@�C��\Frame</Filter>
    </ClCompile>
    <ClCompile Include="include\Frame\FrameOffset.ixx">
      <Filter>include\Frame</Filter>
    </ClCompile>
    <ClCompile Include="include\TestEncoder.ixx">
      <Filter>include\Codec</Filter>
    </ClCompile>
    <ClCompile Include="include\FrameRenderer.ixx">
      <Filter>include\Render</Filter>
    </ClCompile>
    <ClCompile Include="include\ImageProcessing\OpenCV\G-API\Merge.ixx">
      <Filter>include\ImageProcessing\GAPI</Filter>
    </ClCompile>
    <ClCompile Include="include\ImageProcessing\OpenCV\G-API\Affine.ixx">
      <Filter>include\ImageProcessing</Filter>
    </ClCompile>
    <ClCompile Include="include\ImageProcessing\OpenCV\G-API\GPUInfoOld.ixx">
      <Filter>include\GPU</Filter>
    </ClCompile>
    <ClCompile Include="src\GPU\GPUInfo.cpp">
      <Filter>�\�[�X �t�@�C��\GPU</Filter>
    </ClCompile>
    <ClCompile Include="src\ImageProcessing\Filter.cpp">
      <Filter>�\�[�X �t�@�C��\ImageProcessing\GAPI</Filter>
    </ClCompile>
    <ClCompile Include="src\ImageProcessing\ImageF32x1.ixx">
      <Filter>include\Image</Filter>
    </ClCompile>
    <ClCompile Include="include\Image\ImageF32x4_RGBA.ixx">
      <Filter>include\Image</Filter>
    </ClCompile>
    <ClCompile Include="include\Image\ImageF32x4_PreMulRGBA.ixx">
      <Filter>include\Image</Filter>
    </ClCompile>
    <ClCompile Include="src\ImageProcessing\Halide\Glow.cpp">
      <Filter>�\�[�X �t�@�C��\ImageProcessing\Halide</Filter>
    </ClCompile>
    <ClCompile Include="src\ImageProcessing\Halide\Affin.cpp">
      <Filter>�\�[�X �t�@�C��\ImageProcessing\Halide</Filter>
    </ClCompile>
    <ClCompile Include="src\ImageProcessing\Halide\Defines.ixx">
      <Filter>include\Define</Filter>
    </ClCompile>
    <ClCompile Include="src\Image\ImageF32x4_RGBA.cpp">
      <Filter>�\�[�X �t�@�C��\Image</Filter>
    </ClCompile>
    <ClCompile Include="src\Image\ImageYUV420.cpp">
      <Filter>�\�[�X �t�@�C��\Image</Filter>
    </ClCompile>
    <ClCompile Include="src\ImageProcessing\Affine.cpp">
      <Filter>�\�[�X �t�@�C��\ImageProcessing</Filter>
    </ClCompile>
    <ClCompile Include="include\Generate\GenerateTestImage.ixx">
      <Filter>include\ImageProcessing\OpenCV</Filter>
    </ClCompile>
    <ClCompile Include="src\Image\JPEGImage.cpp">
      <Filter>�\�[�X �t�@�C��\Image</Filter>
    </ClCompile>
    <ClCompile Include="include\Utils\CppLinq.ixx">
      <Filter>include\Linq</Filter>
    </ClCompile>
    <ClCompile Include="include\Common\Size.ixx">
      <Filter>include\Common</Filter>
    </ClCompile>
    <ClCompile Include="include\ImageProcessing\OpenCV\Draw.ixx">
      <Filter>include\ImageProcessing\OpenCV</Filter>
    </ClCompile>
    <ClCompile Include="src\ImageProcessing\OpenCV\Draw.cppm">
      <Filter>�\�[�X �t�@�C��\ImageProcessing</Filter>
    </ClCompile>
    <ClCompile Include="src\Core\ShapeVertex.cpp">
      <Filter>�\�[�X �t�@�C��\Core</Filter>
    </ClCompile>
    <ClCompile Include="include\Core\ShapePath.ixx">
      <Filter>include\Core</Filter>
    </ClCompile>
    <ClCompile Include="include\Core\ShapePoint.cppm">
      <Filter>include\Core</Filter>
    </ClCompile>
    <ClCompile Include="include\Core\KeyFrame.ixx">
      <Filter>include\Core</Filter>
    </ClCompile>
    <ClCompile Include="include\Frame\FrameTime.ixx">
      <Filter>include\Frame</Filter>
    </ClCompile>
    <ClCompile Include="include\Core\Exports.hpp">
      <Filter>include\Common</Filter>
    </ClCompile>
    <ClCompile Include="include\ImageProcessing\OpenCV\Glow.ixx">
      <Filter>include\ImageProcessing</Filter>
    </ClCompile>
    <ClCompile Include="src\ImageProcessing\OpenCV\Glow.cppm">
      <Filter>�\�[�X �t�@�C��\ImageProcessing\OpenCV</Filter>
    </ClCompile>
    <ClCompile Include="include\Frame\FramePosition.ixx">
      <Filter>include\Frame</Filter>
    </ClCompile>
    <ClCompile Include="src\ImageProcessing\OpenCV\FilmGrain.cpp">
      <Filter>�\�[�X �t�@�C��\ImageProcessing\OpenCV</Filter>
    </ClCompile>
    <ClCompile Include="include\ImageProcessing\OpenCV\CvUtils.ixx">
      <Filter>include\ImageProcessing\OpenCV</Filter>
    </ClCompile>
    <ClCompile Include="include\ImageProcessing\OpenCV\G-API\FilmGrain.ixx">
      <Filter>include\ImageProcessing\GAPI</Filter>
    </ClCompile>
    <ClCompile Include="include\Image\LOGImage.ixx">
      <Filter>include\Image</Filter>
    </ClCompile>
    <ClCompile Include="include\Image\Halide\HalideImageF32x4RGBA.ixx">
      <Filter>include\Image\Halide</Filter>
    </ClCompile>
    <ClCompile Include="include\ImageProcessing\OpenCV\AntiAliasing.ixx">
      <Filter>include\ImageProcessing\OpenCV</Filter>
    </ClCompile>
    <ClCompile Include="src\Image\Halide\HalideImageF32x4RGBA.cpp">
      <Filter>�\�[�X �t�@�C��\Image\Halide</Filter>
    </ClCompile>
    <ClCompile Include="include\ImageProcessing\Halide\HalideEffectManager.ixx">
      <Filter>include\ImageProcessing\Halide</Filter>
    </ClCompile>
    <ClCompile Include="include\ImageProcessing\OpenCV\AffineCV.ixx">
      <Filter>include\ImageProcessing\OpenCV</Filter>
    </ClCompile>
    <ClCompile Include="include\Image\JPEGImage.ixx">
      <Filter>include\Image</Filter>
    </ClCompile>
    <ClCompile Include="include\Image\PNGImage.ixx">
      <Filter>include\Image</Filter>
    </ClCompile>
    <ClCompile Include="include\Transform\StaticTransform3D.ixx">
      <Filter>include\Transform</Filter>
    </ClCompile>
    <ClCompile Include="src\ImageProcessing\OpenCV\AffineCV.cppm">
      <Filter>�\�[�X �t�@�C��\ImageProcessing\OpenCV</Filter>
    </ClCompile>
    <ClCompile Include="src\Transform\StaticTransform2D.cppm">
      <Filter>�\�[�X �t�@�C��\Transform</Filter>
    </ClCompile>
    <ClCompile Include="src\Utils\WorkAround.cpp">
      <Filter>�\�[�X �t�@�C��\Utils</Filter>
    </ClCompile>
    <ClCompile Include="include\Analyze\Histgram.ixx">
      <Filter>include\Analyze</Filter>
    </ClCompile>
    <ClCompile Include="include\Analyze\Analyze.ixx">
      <Filter>include\Analyze</Filter>
    </ClCompile>
    <ClCompile Include="src\Analyze\OpenCV\OptifalFlowResult.cpp">
      <Filter>�\�[�X �t�@�C��\Analyze\OpenCV</Filter>
    </ClCompile>
    <ClCompile Include="include\Analyze\OpenCV\OptifalFlowResult.ixx">
      <Filter>include\Analyze</Filter>
    </ClCompile>
    <ClCompile Include="src\ImageProcessing\OpenCV\Monochrome.cpp">
      <Filter>�\�[�X �t�@�C��\ImageProcessing\OpenCV</Filter>
    </ClCompile>
    <ClCompile Include="include\ImageProcessing\OpenCV\Monochrome.ixx">
      <Filter>include\ImageProcessing\OpenCV</Filter>
    </ClCompile>
    <ClCompile Include="include\ImageProcessing\ColorTransform\ColorTransformCV.ixx">
      <Filter>include\ImageProcessing\ColorTransform</Filter>
    </ClCompile>
    <ClCompile Include="include\ImageProcessing\ColorTransform\ColorTransform.ixx">
      <Filter>include\ImageProcessing\ColorTransform</Filter>
    </ClCompile>
    <ClCompile Include="include\Image\Image.ixx">
      <Filter>include\Image</Filter>
    </ClCompile>
    <ClCompile Include="include\Render\RenderSettings.ixx">
      <Filter>include\Render</Filter>
    </ClCompile>
    <ClCompile Include="include\Render\RenderModule.ixx">
      <Filter>include\Render</Filter>
    </ClCompile>
    <ClCompile Include="include\IO\Image\ImageExporter.ixx">
      <Filter>include\IO</Filter>
    </ClCompile>
    <ClCompile Include="include\Sound\SoundTrack.ixx">
      <Filter>include\Sound</Filter>
    </ClCompile>
    <ClCompile Include="include\Codec\MFEncoder.ixx">
      <Filter>include\Codec</Filter>
    </ClCompile>
    <ClCompile Include="src\Codec\MFEncoder.cpp">
      <Filter>�\�[�X �t�@�C��\Codec</Filter>
    </ClCompile>
    <ClCompile Include="include\Platform\ShellUtils.ixx">
      <Filter>include\Platform</Filter>
    </ClCompile>
    <ClCompile Include="src\Platform\ShellUtils.cpp">
      <Filter>�\�[�X �t�@�C��\Platform</Filter>
    </ClCompile>
    <ClCompile Include="src\ImageProcessing\Halide\MonochromeHalide.cpp">
      <Filter>�\�[�X �t�@�C��\ImageProcessing\Halide</Filter>
    </ClCompile>
    <ClCompile Include="include\ImageProcessing\Halide\MonochromeHalide.ixx">
      <Filter>include\ImageProcessing\Halide</Filter>
    </ClCompile>
    <ClCompile Include="src\ImageProcessing\AbstractImageEffect.cpp">
      <Filter>�\�[�X �t�@�C��\ImageProcessing</Filter>
    </ClCompile>
    <ClCompile Include="include\ImageProcessing\OpenCV\Noise.ixx">
      <Filter>include\ImageProcessing\OpenCV</Filter>
    </ClCompile>
    <ClCompile Include="src\ImageProcessing\OpenCV\BloomCV.cpp">
      <Filter>�\�[�X �t�@�C��\ImageProcessing\OpenCV</Filter>
    </ClCompile>
    <ClCompile Include="include\ImageProcessing\OpenCV\BloomCV.ixx">
      <Filter>include\ImageProcessing\OpenCV</Filter>
    </ClCompile>
    <ClCompile Include="include\ImageProcessing\OpenCV\G-API\BlurGAPI.ixx">
      <Filter>include\ImageProcessing\GAPI</Filter>
    </ClCompile>
    <ClCompile Include="src\ImageProcessing\OpenCV\MergeCV.cpp">
      <Filter>�\�[�X �t�@�C��\ImageProcessing\OpenCV</Filter>
    </ClCompile>
    <ClCompile Include="src\Image\OpenCV\ImageTransformCV.cpp">
      <Filter>�\�[�X �t�@�C��\Image\OpenCV</Filter>
    </ClCompile>
    <ClCompile Include="include\Image\Transform\ImageTransformCV.ixx">
      <Filter>include\Image\OpenCV</Filter>
    </ClCompile>
    <ClCompile Include="include\Asset\AssetMetaFile.ixx">
      <Filter>include\Asset</Filter>
    </ClCompile>
    <ClCompile Include="include\Image\Export\ImageExportOptions.ixx">
      <Filter>include\Image</Filter>
    </ClCompile>
    <ClCompile Include="src\Image\ImageExports.cpp">
      <Filter>�\�[�X �t�@�C��\Image</Filter>
    </ClCompile>
    <ClCompile Include="src\Image\ChromaKey.cpp">
      <Filter>�\�[�X �t�@�C��\ImageProcessing</Filter>
    </ClCompile>
    <ClCompile Include="src\ImageProcessing\OpenCV\VignetCV.cpp">
      <Filter>�\�[�X �t�@�C��\ImageProcessing\OpenCV</Filter>
    </ClCompile>
    <ClCompile Include="src\ImageProcessing\OpenCV\Posterize.cpp">
      <Filter>�\�[�X �t�@�C��\ImageProcessing\OpenCV</Filter>
    </ClCompile>
    <ClCompile Include="include\ImageProcessing\OpenCV\VignetCV.ixx">
      <Filter>include\ImageProcessing\OpenCV</Filter>
    </ClCompile>
    <ClCompile Include="include\IO\IO.ixx">
      <Filter>include\IO</Filter>
    </ClCompile>
    <ClCompile Include="include\ImageProcessing\OpenCV\PosterizeCV.ixx">
      <Filter>include\ImageProcessing\OpenCV</Filter>
    </ClCompile>
    <ClCompile Include="src\ImageProcessing\NegativeCV.cpp">
      <Filter>�\�[�X �t�@�C��\ImageProcessing\OpenCV</Filter>
    </ClCompile>
    <ClCompile Include="include\ImageProcessing\OpenCV\NegativeCV.ixx">
      <Filter>include\ImageProcessing</Filter>
    </ClCompile>
    <ClCompile Include="src\ImageProcessing\OpenCV\SepiaCV.cpp">
      <Filter>�\�[�X �t�@�C��\ImageProcessing\OpenCV</Filter>
    </ClCompile>
    <ClCompile Include="include\ImageProcessing\OpenCV\SepiaCV.ixx">
      <Filter>include\ImageProcessing\OpenCV</Filter>
    </ClCompile>
    <ClCompile Include="include\Physics\2D\Physics2D.ixx">
      <Filter>include\Physics</Filter>
    </ClCompile>
    <ClCompile Include="include\Test\Test.ixx">
      <Filter>include\Test</Filter>
    </ClCompile>
    <ClCompile Include="include\ImageProcessing\OpenCV\VHS_CV.ixx">
      <Filter>include\ImageProcessing\OpenCV</Filter>
    </ClCompile>
    <ClCompile Include="include\File\FileInfo.ixx">
      <Filter>include\File</Filter>
    </ClCompile>
    <ClCompile Include="src\File\FileInfo.cpp">
      <Filter>�\�[�X �t�@�C��\File</Filter>
    </ClCompile>
    <ClCompile Include="include\Video\GStreamerDecoder.ixx">
      <Filter>include\Codec</Filter>
    </ClCompile>
    <ClCompile Include="include\Time\Duration.ixx">
      <Filter>include\Time</Filter>
    </ClCompile>
    <ClCompile Include="include\ImageProcessing\AbstractImageGenerator.ixx">
      <Filter>include\Generator</Filter>
    </ClCompile>
    <ClCompile Include="include\Asset\AssetDatabase.ixx">
      <Filter>include\Asset</Filter>
    </ClCompile>
    <ClCompile Include="include\ImageProcessing\OpenCV\HalfTone.ixx">
      <Filter>include\ImageProcessing</Filter>
    </ClCompile>
    <ClCompile Include="include\Geometry\MeshEdgeExtractor.ixx">
      <Filter>include\Geometry</Filter>
    </ClCompile>
    <ClCompile Include="include\Geometry\Float3.ixx">
      <Filter>include\Math</Filter>
    </ClCompile>
    <ClCompile Include="include\Transform\Camera.ixx">
      <Filter>include\Core</Filter>
    </ClCompile>
    <ClCompile Include="src\Core\Camera.cpp">
      <Filter>�\�[�X �t�@�C��\Core</Filter>
    </ClCompile>
    <ClCompile Include="include\Geometry\Float4.ixx">
      <Filter>include\Math</Filter>
    </ClCompile>
    <ClCompile Include="include\Script\hostfxr.ixx">
      <Filter>include\Script\hostfxr</Filter>
    </ClCompile>
    <ClCompile Include="include\Script\Script.ixx">
      <Filter>include\Script</Filter>
    </ClCompile>
    <ClCompile Include="src\Script\hostfxr.cppm">
      <Filter>�\�[�X �t�@�C��\Script</Filter>
    </ClCompile>
    <ClCompile Include="include\Platform\PlatformHint.ixx">
      <Filter>include\Platform</Filter>
    </ClCompile>
    <ClCompile Include="include\Asset\AbstractAssetFile.ixx">
      <Filter>include\Asset</Filter>
    </ClCompile>
    <ClCompile Include="include\Composition\CompositionBuffer2D.ixx">
      <Filter>include\Composition</Filter>
    </ClCompile>
    <ClCompile Include="include\Utils\WindowStyleCSS.ixx">
      <Filter>include\Utils</Filter>
    </ClCompile>
    <ClCompile Include="include\ImageProcessing\OpenCV\Grading\BrightnessContrast.ixx">
      <Filter>include\ImageProcessing\Grading</Filter>
    </ClCompile>
    <ClCompile Include="include\Graphics\GPUComputeContext.ixx">
      <Filter>include\Graphics</Filter>
    </ClCompile>
    <ClCompile Include="include\Graphics\Graphics.ixx">
      <Filter>include\Graphics</Filter>
    </ClCompile>
    <ClCompile Include="include\Image\VkImage.ixx">
      <Filter>include\Image\Vulkan</Filter>
    </ClCompile>
    <ClCompile Include="include\Image\MultiChannelImage.ixx">
      <Filter>include\Image</Filter>
    </ClCompile>
    <ClCompile Include="src\Graphics\GPUComputeContext.cpp">
      <Filter>�\�[�X �t�@�C��\Graphics</Filter>
    </ClCompile>
    <ClCompile Include="include\Graphics\TextureFactory.ixx">
      <Filter>include\Graphics</Filter>
    </ClCompile>
    <ClCompile Include="include\Image\ImageF32x4_With_Cache.ixx">
      <Filter>include\Image</Filter>
    </ClCompile>
    <ClCompile Include="src\Image\ImageF32x4_With_Cache.cpp">
      <Filter>�\�[�X �t�@�C��\Image</Filter>
    </ClCompile>
    <ClCompile Include="include\Image\CompressQuality.ixx">
      <Filter>include\Image</Filter>
    </ClCompile>
    <ClCompile Include="include\Geometry\MeshImporter.ixx">
      <Filter>include\Geometry</Filter>
    </ClCompile>
    <ClCompile Include="include\Render\RenderableObject.ixx">
      <Filter>include\Render</Filter>
    </ClCompile>
    <ClCompile Include="include\Render\Material.ixx">
      <Filter>include\Render</Filter>
    </ClCompile>
    <ClCompile Include="src\IO\Image\ImageImporter.cpp">
      <Filter>�\�[�X �t�@�C��\IO</Filter>
    </ClCompile>
    <ClCompile Include="src\IO\Image\ImageExporter.cpp">
      <Filter>�\�[�X �t�@�C��\IO</Filter>
    </ClCompile>
    <ClCompile Include="include\IO\Image\ImageImporter.ixx">
      <Filter>include\IO</Filter>
    </ClCompile>
    <ClCompile Include="src\EnvironmentVariable\EnvironmentVariable.cpp">
      <Filter>�\�[�X �t�@�C��\EnvironmentVariable</Filter>
    </ClCompile>
    <ClCompile Include="include\EnvironmentVariable\EnvironmentVariable.ixx">
      <Filter>include\EnviromentVariable</Filter>
    </ClCompile>
    <ClCompile Include="include\ImageProcessing\Halide\HalideTest.ixx">
      <Filter>include\ImageProcessing\Halide</Filter>
    </ClCompile>
    <ClCompile Include="include\ImageProcessing\OpenCV\NegateCV.ixx">
      <Filter>include\ImageProcessing\OpenCV</Filter>
    </ClCompile>
    <ClCompile Include="include\ImageProcessing\DirectCompute\NegateCS.ixx">
      <Filter>include\ImageProcessing\DirectCompute</Filter>
    </ClCompile>
    <ClCompile Include="src\ImageProcessing\DirectCompute\NegateCS.cpp">
      <Filter>�\�[�X �t�@�C��\ImageProcessing\DirectCompute</Filter>
    </ClCompile>
    <ClCompile Include="include\ImageProcessing\OpenCV\AddBlockNoise.ixx">
      <Filter>include\ImageProcessing\OpenCV</Filter>
    </ClCompile>
    <ClCompile Include="src\ImageProcessing\OpenCV\AddBlockNoise.cpp">
      <Filter>�\�[�X �t�@�C��\ImageProcessing\OpenCV</Filter>
    </ClCompile>
    <ClCompile Include="include\ImageProcessing\OpenCV\LiftCV.ixx">
      <Filter>include\ImageProcessing\OpenCV</Filter>
    </ClCompile>
    <ClCompile Include="include\IO\Image\SearchImage.ixx">
      <Filter>include\IO</Filter>
    </ClCompile>
    <ClCompile Include="include\ImageProcessing\DirectCompute\MonochromeCS.ixx">
      <Filter>include\ImageProcessing\DirectCompute</Filter>
    </ClCompile>
    <ClCompile Include="include\Graphics\Shader\HLSL\GraphicsHelper.ixx">
      <Filter>include\Graphics</Filter>
    </ClCompile>
    <ClCompile Include="src\ImageProcessing\DirectCompute\MonochromeCS.cpp">
      <Filter>�\�[�X �t�@�C��\ImageProcessing\DirectCompute</Filter>
    </ClCompile>
    <ClCompile Include="include\ImageProcessing\DirectCompute\GaussianBlurCS.ixx">
      <Filter>include\ImageProcessing\DirectCompute</Filter>
    </ClCompile>
    <ClCompile Include="src\ImageProcessing\DirectCompute\GlowCS.cpp">
      <Filter>�\�[�X �t�@�C��\ImageProcessing\DirectCompute</Filter>
    </ClCompile>
    <ClCompile Include="include\Track\LayerTrack.ixx">
      <Filter>include\Track</Filter>
    </ClCompile>
    <ClCompile Include="include\Media\Media.ixx">
      <Filter>include\Media</Filter>
    </ClCompile>
    <ClCompile Include="include\Media\MediaFrame.ixx">
      <Filter>include\Media</Filter>
    </ClCompile>
    <ClCompile Include="include\IO\Image\AsyncImageExporter.ixx">
      <Filter>include\IO</Filter>
    </ClCompile>
    <ClCompile Include="include\Layer\LayerStrip.ixx">
      <Filter>include\Layer</Filter>
    </ClCompile>
    <ClCompile Include="include\ImageProcessing\OpenCV\SpectralGlowCV.ixx">
      <Filter>include\ImageProcessing\OpenCV</Filter>
    </ClCompile>
    <ClCompile Include="src\ImageProcessing\OpenCV\SpectralGlowCV.cpp">
      <Filter>�\�[�X �t�@�C��\ImageProcessing\OpenCV</Filter>
    </ClCompile>
    <ClCompile Include="include\ImageProcessing\OpenCV\GlitchCV.ixx">
      <Filter>include\ImageProcessing</Filter>
    </ClCompile>
    <ClCompile Include="include\Utils\ScopedTimer.ixx">
      <Filter>include\Utils</Filter>
    </ClCompile>
    <ClCompile Include="include\Utils\Utils.ixx">
      <Filter>include\Utils</Filter>
    </ClCompile>
    <ClCompile Include="include\Graphics\GPUTextureCacheManager.ixx">
      <Filter>include\Graphics</Filter>
    </ClCompile>
    <ClCompile Include="src\Graphics\GPUTextureCacheManager.cppm">
      <Filter>�\�[�X �t�@�C��\Graphics</Filter>
    </ClCompile>
    <ClCompile Include="include\Layer\LayerState.ixx">
      <Filter>include\Layer</Filter>
    </ClCompile>
    <ClCompile Include="src\Layer\LayerState.cpp">
      <Filter>�\�[�X �t�@�C��\Layer</Filter>
    </ClCompile>
    <ClCompile Include="include\Layer\Opacity.ixx">
      <Filter>include\Layer</Filter>
    </ClCompile>
    <ClCompile Include="include\Core\Core.ixx">
      <Filter>include\Core</Filter>
    </ClCompile>
    <ClCompile Include="src\Core\KeyFrame.cpp">
      <Filter>�\�[�X �t�@�C��\Core</Filter>
    </ClCompile>
    <ClCompile Include="include\Geometry\Interpolate.ixx">
      <Filter>include\Math</Filter>
    </ClCompile>
    <ClCompile Include="src\Math\Interpolate.cpp">
      <Filter>�\�[�X �t�@�C��\Math</Filter>
    </ClCompile>
    <ClCompile Include="include\ImageProcessing\OpenCV\EdgeCV.ixx">
      <Filter>include\ImageProcessing</Filter>
    </ClCompile>
    <ClCompile Include="src\Image\CompressQuality.cpp">
      <Filter>�\�[�X �t�@�C��\Image</Filter>
    </ClCompile>
    <ClCompile Include="include\Utils\HashValue.ixx">
      <Filter>include\Utils</Filter>
    </ClCompile>
    <ClCompile Include="include\Asset\ImageAsset.ixx">
      <Filter>include\Asset</Filter>
    </ClCompile>
    <ClCompile Include="include\Asset\AsseetImporter.ixx">
      <Filter>include\Asset</Filter>
    </ClCompile>
    <ClCompile Include="include\Video\FFMpegVideoDecoder.ixx">
      <Filter>include\Codec</Filter>
    </ClCompile>
    <ClCompile Include="include\Video\PlaybackManager.ixx">
      <Filter>include\Video</Filter>
    </ClCompile>
    <ClCompile Include="include\Video\Video.ixx">
      <Filter>include\Video</Filter>
    </ClCompile>
    <ClCompile Include="src\Video\PlaybackManager.cpp">
      <Filter>�\�[�X �t�@�C��\Video</Filter>
    </ClCompile>
    <ClCompile Include="include\Image\RawImage.ixx">
      <Filter>include\Image</Filter>
    </ClCompile>
    <ClCompile Include="src\Video\MediaTimeStamp.cpp">
      <Filter>�\�[�X �t�@�C��\Media</Filter>
    </ClCompile>
    <ClCompile Include="include\Media\MediaTimeStamp.ixx">
      <Filter>include\Media</Filter>
    </ClCompile>
    <ClCompile Include="..\Artifact\include\Composition\CompositionSettings.ixx">
      <Filter>include\Composition</Filter>
    </ClCompile>
    <ClCompile Include="..\Artifact\src\Composition\CompositionSettings.cpp">
      <Filter>�\�[�X �t�@�C��\Composition</Filter>
    </ClCompile>
    <ClCompile Include="include\Codec\FFmpegThumbnailExtractor.ixx">
      <Filter>include\Codec</Filter>
    </ClCompile>
    <ClCompile Include="src\Codec\FFmpegThumbnailExtractor.cpp">
      <Filter>�\�[�X �t�@�C��\Codec</Filter>
    </ClCompile>
    <ClCompile Include="include\Test\TestHelper.ixx">
      <Filter>include\Test</Filter>
    </ClCompile>
    <ClCompile Include="include\Audio\AudioModule.ixx">
      <Filter>include\Audio</Filter>
    </ClCompile>
    <ClCompile Include="include\Audio\AudioFrame.ixx">
      <Filter>include\Audio</Filter>
    </ClCompile>
    <ClCompile Include="include\Audio\AudioFrameToQAudioFormatConverter.ixx">
      <Filter>include\Audio</Filter>
    </ClCompile>
    <ClCompile Include="src\Image\FFmpegEncoder.cpp">
      <Filter>�\�[�X �t�@�C��\Codec</Filter>
    </ClCompile>
    <ClCompile Include="src\Image\RawImage.cpp">
      <Filter>�\�[�X �t�@�C��\Image</Filter>
    </ClCompile>
    <ClCompile Include="src\Image\CvMatPaintEngine.cpp">
      <Filter>�\�[�X �t�@�C��\Image</Filter>
    </ClCompile>
    <ClCompile Include="src\Layer\LayerStrip.cpp">
      <Filter>�\�[�X �t�@�C��\Layer</Filter>
    </ClCompile>
    <ClCompile Include="src\Layer\Layer2DSetting.cpp">
      <Filter>�\�[�X �t�@�C��\Layer</Filter>
    </ClCompile>
    <ClCompile Include="include\Graphics\FenceTracker.ixx">
      <Filter>include\Graphics</Filter>
    </ClCompile>
    <ClCompile Include="src\ImageProcessing\DirectCompute\Blend2D_CS.cpp">
      <Filter>�\�[�X �t�@�C��\ImageProcessing\DirectCompute</Filter>
    </ClCompile>
    <ClCompile Include="include\ImageProcessing\DirectCompute\Blend2D_CS.ixx">
      <Filter>include\ImageProcessing\DirectCompute</Filter>
    </ClCompile>
    <ClCompile Include="include\ImageProcessing\DirectCompute\SinglePassShader.ixx">
      <Filter>include\ImageProcessing\DirectCompute</Filter>
    </ClCompile>
    <ClCompile Include="src\ImageProcessing\DirectCompute\SinglePassShader.cpp">
      <Filter>�\�[�X �t�@�C��\ImageProcessing\DirectCompute</Filter>
    </ClCompile>
    <ClCompile Include="include\Utils\String.ixx">
      <Filter>include\Utils</Filter>
    </ClCompile>
    <ClCompile Include="include\Graphics\ShaderID.ixx">
      <Filter>include\Graphics</Filter>
    </ClCompile>
    <ClCompile Include="include\Graphics\GPUTaskHandle.ixx">
      <Filter>include\Graphics</Filter>
    </ClCompile>
    <ClCompile Include="include\Graphics\GPUTexture.ixx">
      <Filter>include\Graphics</Filter>
    </ClCompile>
    <ClCompile Include="src\Graphics\GPUTexture.cpp">
      <Filter>�\�[�X �t�@�C��\Graphics</Filter>
    </ClCompile>
    <ClCompile Include="include\RenderWorker.ixx">
      <Filter>include\Render</Filter>
    </ClCompile>
    <ClCompile Include="src\Render\RenderWorker.cpp">
      <Filter>�\�[�X �t�@�C��\Render</Filter>
    </ClCompile>
    <ClCompile Include="include\Render\RenderJobModel.ixx">
      <Filter>include\Render</Filter>
    </ClCompile>
    <ClCompile Include="src\Render\RenderJobModel.cpp">
      <Filter>�\�[�X �t�@�C��\Render</Filter>
    </ClCompile>
    <ClCompile Include="include\Render\RendererQueueManager.ixx">
      <Filter>include\Render</Filter>
    </ClCompile>
    <ClCompile Include="src\Render\RendererQueueManager.cpp">
      <Filter>�\�[�X �t�@�C��\Render</Filter>
    </ClCompile>
    <ClCompile Include="include\IO\Image\AsyncImageWriterManager.ixx">
      <Filter>include\IO</Filter>
    </ClCompile>
    <ClCompile Include="src\IO\Image\AsyncImageWriterManager.cpp">
      <Filter>�\�[�X �t�@�C��\IO</Filter>
    </ClCompile>
    <ClCompile Include="include\IO\Image\AbstractImageExporter.ixx">
      <Filter>include\IO</Filter>
    </ClCompile>
    <ClCompile Include="include\Graphics\2DPSOHelper.ixx">
      <Filter>include\Graphics</Filter>
    </ClCompile>
    <ClCompile Include="include\IO\Image\ImageExporterStb.ixx">
      <Filter>include\IO</Filter>
    </ClCompile>
    <ClCompile Include="include\IO\Image\OIIOMemoryProxyFactory.ixx">
      <Filter>include\IO</Filter>
    </ClCompile>
    <ClCompile Include="include\IO\Image\OIIOMemoryIOManager.ixx">
      <Filter>include\IO</Filter>
    </ClCompile>
    <ClCompile Include="include\IO\asio_async_file_writer.ixx">
      <Filter>include\IO</Filter>
    </ClCompile>
    <ClCompile Include="src\IO\asio_async_file_writer.cpp">
      <Filter>�\�[�X �t�@�C��\IO</Filter>
    </ClCompile>
    <ClCompile Include="include\Utils\Id.ixx">
      <Filter>include\Utils</Filter>
    </ClCompile>
    <ClCompile Include="src\Utils\Id.cpp">
      <Filter>�\�[�X �t�@�C��\Utils</Filter>
    </ClCompile>
    <ClCompile Include="include\ImageProcessing\DirectCompute\GlowCS.ixx">
      <Filter>include\ImageProcessing</Filter>
    </ClCompile>
    <ClCompile Include="include\Graphics\Shader\HLSL\BasicShaders.ixx">
      <Filter>include\Graphics\Shader\Pixel</Filter>
    </ClCompile>
    <ClCompile Include="include\Graphics\Shader\Vertex\BasicVertexShader.ixx">
      <Filter>include\Graphics\Shader\Vertex</Filter>
    </ClCompile>
    <ClCompile Include="include\Graphics\ShaderCreationHelper.ixx">
      <Filter>include\Graphics</Filter>
    </ClCompile>
    <ClCompile Include="src\Graphics\Shader\BasicShaders.cpp">
      <Filter>�\�[�X �t�@�C��\Graphics\Shader</Filter>
    </ClCompile>
    <ClCompile Include="include\Graphics\GLMHelper.ixx">
      <Filter>include\Graphics</Filter>
    </ClCompile>
    <ClCompile Include="include\Graphics\Shader\Shader.ixx">
      <Filter>include\Graphics\Shader</Filter>
    </ClCompile>
    <ClCompile Include="src\Graphics\Shader\BasicVertexShader.cpp">
      <Filter>�\�[�X �t�@�C��\Graphics\Shader</Filter>
    </ClCompile>
    <ClCompile Include="src\Graphics\Shader\BasicGeometryShader.cpp">
      <Filter>�\�[�X �t�@�C��\Graphics\Shader</Filter>
    </ClCompile>
    <ClCompile Include="include\Graphics\Shader\BasicGeometryShader.ixx">
      <Filter>include\Graphics\Shader</Filter>
    </ClCompile>
    <ClCompile Include="include\Common\Common.ixx">
      <Filter>include\Common</Filter>
    </ClCompile>
    <ClCompile Include="src\Common\Point2D.cpp">
      <Filter>�\�[�X �t�@�C��\Common</Filter>
    </ClCompile>
    <ClCompile Include="src\Core\Position2D.cpp">
      <Filter>�\�[�X �t�@�C��\Core</Filter>
    </ClCompile>
    <ClCompile Include="include\Core\Position2D.ixx">
      <Filter>include\Core</Filter>
    </ClCompile>
    <ClCompile Include="include\Core\Point2D.ixx">
      <Filter>include\Core</Filter>
    </ClCompile>
    <ClCompile Include="include\Core\UniformScale.ixx">
      <Filter>include\Core</Filter>
    </ClCompile>
    <ClCompile Include="src\Core\UniformScale.cpp">
      <Filter>�\�[�X �t�@�C��\Transform</Filter>
    </ClCompile>
    <ClCompile Include="include\Graphics\CBuffer\Constants.ixx">
      <Filter>include\Graphics\CBuffer</Filter>
    </ClCompile>
    <ClCompile Include="include\Color\LabColor.ixx">
      <Filter>include\Color</Filter>
    </ClCompile>
    <ClCompile Include="include\Color\Color.ixx">
      <Filter>include\Color</Filter>
    </ClCompile>
    <ClCompile Include="src\Color\LabColor.cppm">
      <Filter>�\�[�X �t�@�C��\Color</Filter>
    </ClCompile>
    <ClCompile Include="include\Graphics\GraphicsEngineType.ixx">
      <Filter>include\Graphics</Filter>
    </ClCompile>
    <ClCompile Include="include\Graphics\Utils\Func.ixx">
      <Filter>include\Graphics\Utils</Filter>
    </ClCompile>
    <ClCompile Include="include\Audio\AudioRasterizer.ixx">
      <Filter>include\Audio</Filter>
    </ClCompile>
    <ClCompile Include="src\Audio\AudioRasterizer.cpp">
      <Filter>�\�[�X �t�@�C��\Audio</Filter>
    </ClCompile>
    <ClCompile Include="include\Preview\PreviewSettings.ixx">
      <Filter>include\Preview</Filter>
    </ClCompile>
    <ClCompile Include="src\Preview\PreviewSettings.cpp">
      <Filter>�\�[�X �t�@�C��\Preview</Filter>
    </ClCompile>
    <ClCompile Include="include\Graphics\Shader\Compute\Compute.ixx">
      <Filter>include\Graphics\Shader\Compute</Filter>
    </ClCompile>
    <ClCompile Include="include\Graphics\LayerBlendCS_PSO_Helper.ixx">
      <Filter>include\Graphics</Filter>
    </ClCompile>
    <ClCompile Include="include\Layer\LayerBlend.ixx">
      <Filter>include\Layer</Filter>
    </ClCompile>
    <ClCompile Include="include\Layer\LayerMatte.ixx">
      <Filter>include\Layer</Filter>
    </ClCompile>
    <ClCompile Include="include\Thread\ThreadHelper.ixx">
      <Filter>include\Thread</Filter>
    </ClCompile>
    <ClCompile Include="include\Graphics\Shader\Compute\LayerBlendComputeShader.ixx">
      <Filter>include\Graphics\Shader\Compute</Filter>
    </ClCompile>
    <ClCompile Include="src\Transform\TransformHelper.cppm">
      <Filter>�\�[�X �t�@�C��\Transform</Filter>
    </ClCompile>
    <ClCompile Include="include\Geometry\RotationTurns.ixx">
      <Filter>include\Math</Filter>
    </ClCompile>
    <ClCompile Include="src\Math\RotationTurns.cppm">
      <Filter>�\�[�X �t�@�C��\Math</Filter>
    </ClCompile>
    <ClCompile Include="include\Video\FFmpegAudioEncoder.ixx">
      <Filter>include\Codec</Filter>
    </ClCompile>
    <ClCompile Include="src\Video\FFMpegAudioEncoder.cpp">
      <Filter>�\�[�X �t�@�C��\Codec</Filter>
    </ClCompile>
    <ClCompile Include="include\Audio\AudioFormat.ixx">
      <Filter>include\Audio</Filter>
    </ClCompile>
    <ClCompile Include="include\Math\Math.ixx">
      <Filter>include</Filter>
    </ClCompile>
    <ClCompile Include="include\Audio\AudioRenderer.ixx">
      <Filter>include\Audio</Filter>
    </ClCompile>
    <ClCompile Include="src\Audio\AudioRenderer.cpp">
      <Filter>�\�[�X �t�@�C��\Audio</Filter>
    </ClCompile>
    <ClCompile Include="include\Transform\TransformHelper.ixx">
      <Filter>include</Filter>
    </ClCompile>
    <ClCompile Include="include\Log\LogLevel.ixx">
      <Filter>include\Log</Filter>
    </ClCompile>
    <ClCompile Include="include\Log\LogModule.ixx">
      <Filter>include\Log</Filter>
    </ClCompile>
    <ClCompile Include="include\Time\RealTime.ixx">
      <Filter>include\Time</Filter>
    </ClCompile>
    <ClCompile Include="src\Time\RealTime.cpp">
      <Filter>�\�[�X �t�@�C��\Time</Filter>
    </ClCompile>
    <ClCompile Include="include\Utils\StringLike.ixx">
      <Filter>include\Utils</Filter>
    </ClCompile>
    <ClCompile Include="include\Sound\SoundType.ixx">
      <Filter>include\Sound</Filter>
    </ClCompile>
    <ClCompile Include="include\Render\RenderStatics.ixx">
      <Filter>include\Render</Filter>
    </ClCompile>
    <ClCompile Include="src\Render\RenderStatics.cpp">
      <Filter>�\�[�X �t�@�C��\Render</Filter>
    </ClCompile>
    <ClCompile Include="include\Graphics\CBuffer\CBufferHelper.ixx">
      <Filter>include\Graphics\CBuffer</Filter>
    </ClCompile>
    <ClCompile Include="src\Core\Opacity.cpp">
      <Filter>�\�[�X �t�@�C��\Core</Filter>
    </ClCompile>
    <ClCompile Include="include\Utils\Path.ixx">
      <Filter>include\Utils</Filter>
    </ClCompile>
    <ClCompile Include="src\Thread\ThreadHelper.cpp">
      <Filter>�\�[�X �t�@�C��\Thread</Filter>
    </ClCompile>
    <ClCompile Include="include\Event\EventBus.ixx">
      <Filter>include\Event</Filter>
    </ClCompile>
    <ClCompile Include="src\Event\EventBus.cpp">
      <Filter>�\�[�X �t�@�C��\Event</Filter>
    </ClCompile>
    <ClCompile Include="include\ImageProcessing\OpenCV\AutoContrastCV.ixx">
      <Filter>include\ImageProcessing\OpenCV</Filter>
    </ClCompile>
    <ClCompile Include="include\Graphics\Shader\ShaderLibrary.ixx">
      <Filter>include\ImageProcessing\OpenCV</Filter>
    </ClCompile>
    <ClCompile Include="include\ImageProcessing\OpenCV\AutoGammaCV.ixx">
      <Filter>include\ImageProcessing\OpenCV</Filter>
    </ClCompile>
    <ClCompile Include="include\ImageProcessing\DirectCompute\AutoContrast.ixx">
      <Filter>include\ImageProcessing\DirectCompute</Filter>
    </ClCompile>
    <ClCompile Include="include\ImageProcessing\DirectCompute\AutoGamma.ixx">
      <Filter>include\ImageProcessing\DirectCompute</Filter>
    </ClCompile>
    <ClCompile Include="include\ImageProcessing\DirectCompute\Sepia.ixx">
      <Filter>include\ImageProcessing\DirectCompute</Filter>
    </ClCompile>
    <ClCompile Include="include\ImageProcessing\DirectCompute\ThreeWayColorCorrection.ixx">
      <Filter>include\ImageProcessing\OpenCV</Filter>
    </ClCompile>
    <ClCompile Include="src\ImageProcessing\DirectCompute\ThreeWayColorCorrection.cpp">
      <Filter>�\�[�X �t�@�C��\ImageProcessing\OpenCV</Filter>
    </ClCompile>
    <ClCompile Include="include\UI\TransformControls.ixx">
      <Filter>include\UI</Filter>
    </ClCompile>
    <ClCompile Include="include\UI\GizmoMode.ixx">
      <Filter>include\UI</Filter>
    </ClCompile>
    <ClCompile Include="include\FileSystem\DirectoryBuilder.ixx">
      <Filter>include\FileSystem</Filter>
    </ClCompile>
    <ClCompile Include="include\Image\ImageInterface.ixx">
      <Filter>include\Image</Filter>
    </ClCompile>
    <ClCompile Include="src\Color\Sarturation.cppm">
      <Filter>�\�[�X �t�@�C��\Color</Filter>
    </ClCompile>
    <ClCompile Include="NetworkRPCServer.ixx">
      <Filter>include\Network</Filter>
    </ClCompile>
    <ClCompile Include="src\Network\NetworkRPCServer.cpp">
      <Filter>�\�[�X �t�@�C��\Network</Filter>
    </ClCompile>
    <ClCompile Include="include\Render\RendererQueue.ixx">
      <Filter>include\Render</Filter>
    </ClCompile>
    <ClCompile Include="src\Render\RendererQueue.cpp">
      <Filter>�\�[�X �t�@�C��\Render</Filter>
    </ClCompile>
    <ClCompile Include="include\Render\RendererQueueSetting.ixx">
      <Filter>include\Render</Filter>
    </ClCompile>
    <ClCompile Include="src\Render\RendererQueueSetting.cpp">
      <Filter>�\�[�X �t�@�C��\Render</Filter>
    </ClCompile>
    <ClCompile Include="include\Graphics\Shader\ShaderSet.ixx">
      <Filter>include\Graphics\Shader</Filter>
    </ClCompile>
    <ClCompile Include="include\Graphics\GPUInfo.ixx">
      <Filter>include\Graphics</Filter>
    </ClCompile>
    <ClCompile Include="include\Tool\ToolMode.ixx">
      <Filter>include\Tool</Filter>
    </ClCompile>
    <ClCompile Include="include\Graphics\Resource\PSOAndSRB.ixx">
      <Filter>include\Graphics\Resource</Filter>
    </ClCompile>
    <ClCompile Include="src\Log\Log.cpp">
      <Filter>�\�[�X �t�@�C��\Log</Filter>
    </ClCompile>
    <ClCompile Include="include\Log\Log.ixx">
      <Filter>include\Log</Filter>
    </ClCompile>
    <ClCompile Include="include\Graphics\VertexBuffer\VertexBufferixx.ixx">
      <Filter>include\Graphics\Shader\Vertex</Filter>
    </ClCompile>
    <ClCompile Include="include\Font\FreeFont.ixx">
      <Filter>include\Font</Filter>
    </ClCompile>
    <ClCompile Include="include\Core\CoreModule.ixx">
      <Filter>include\Core</Filter>
    </ClCompile>
    <ClCompile Include="include\Graphics\Texture\TextureManager.ixx">
      <Filter>include\Graphics\Texture</Filter>
    </ClCompile>
    <ClCompile Include="src\Utils\HashValue.cpp">
      <Filter>�\�[�X �t�@�C��\Audio</Filter>
    </ClCompile>
    <ClCompile Include="include\Audio\AudioVolume.ixx">
      <Filter>include\Audio</Filter>
    </ClCompile>
    <ClCompile Include="src\Audio\AudioVolume.cppm">
      <Filter>�\�[�X �t�@�C��\Audio</Filter>
    </ClCompile>
    <ClCompile Include="include\UI\InputOperatorManager.ixx">
      <Filter>include\UI</Filter>
    </ClCompile>
    <ClCompile Include="include\UI\InputOperator.ixx">
      <Filter>include\UI</Filter>
    </ClCompile>
    <ClCompile Include="src\UI\InputOperator.cpp">
      <Filter>�\�[�X �t�@�C��\UI</Filter>
    </ClCompile>
    <ClCompile Include="include\UI\Context.ixx">
      <Filter>include\UI</Filter>
    </ClCompile>
    <ClCompile Include="include\UI\InputEvent.ixx">
      <Filter>include\UI</Filter>
    </ClCompile>
    <ClCompile Include="include\UI\KeyMap.ixx">
      <Filter>include\UI</Filter>
    </ClCompile>
    <ClCompile Include="src\UI\ViewportOperator.cpp">
      <Filter>�\�[�X �t�@�C��\UI</Filter>
    </ClCompile>
    <ClCompile Include="include\UI\ViewportOperator.ixx">
      <Filter>include\UI</Filter>
    </ClCompile>
    <ClCompile Include="src\Graphics\Texture\TextureManager.cpp">
      <Filter>�\�[�X �t�@�C��\Graphics\Texture</Filter>
    </ClCompile>
    <ClCompile Include="include\Audio\AudioWriter.ixx">
      <Filter>include\Audio</Filter>
    </ClCompile>
    <ClCompile Include="include\Utils\ImageInfoLike.ixx">
      <Filter>include\Utils</Filter>
    </ClCompile>
    <ClCompile Include="include\Container\ContainerModule.ixx">
      <Filter>include\Container</Filter>
    </ClCompile>
    <ClCompile Include="include\Container\MultiIndexContainer.ixx">
      <Filter>include\Container</Filter>
    </ClCompile>
    <ClCompile Include="include\Command\CommandModule.ixx">
      <Filter>include\Command</Filter>
    </ClCompile>
    <ClCompile Include="include\Command\LambdaCommand.ixx">
      <Filter>include\Command</Filter>
    </ClCompile>
    <ClCompile Include="src\Command\LambdaCommand.cpp">
      <Filter>�\�[�X �t�@�C��\Command</Filter>
    </ClCompile>
    <ClCompile Include="src\Utils\Path.cpp">
      <Filter>�\�[�X �t�@�C��\Utils</Filter>
    </ClCompile>
    <ClCompile Include="src\Frame\FramePosition.cppm">
      <Filter>�\�[�X �t�@�C��\Frame</Filter>
    </ClCompile>
    <ClCompile Include="include\Animation\Animatable%28deprecated%29.ixx">
      <Filter>include\Animation</Filter>
    </ClCompile>
    <ClCompile Include="include\Math\InterpolatorFactory.ixx">
      <Filter>include\Math</Filter>
    </ClCompile>
    <ClCompile Include="include\Utils\VectorLike.ixx">
      <Filter>include\Utils</Filter>
    </ClCompile>
    <ClCompile Include="include\Utils\NumericLike.ixx">
      <Filter>include\Utils</Filter>
    </ClCompile>
    <ClCompile Include="include\Time\TimeCode.ixx">
      <Filter>include\Time</Filter>
    </ClCompile>
    <ClCompile Include="src\Time\TimeCode.cpp">
      <Filter>�\�[�X �t�@�C��\Time</Filter>
    </ClCompile>
    <ClCompile Include="include\Image\CvMatPaintEngine.ixx">
      <Filter>include\Image</Filter>
    </ClCompile>
    <ClCompile Include="include\Script\CSharpScriptEngine.ixx">
      <Filter>include\Script</Filter>
    </ClCompile>
    <ClCompile Include="include\Utils\SizeLike.ixx">
      <Filter>include\Utils</Filter>
    </ClCompile>
    <ClCompile Include="include\Animation\AnimatableTransform2D.ixx">
      <Filter>include\Animation</Filter>
    </ClCompile>
    <ClCompile Include="include\Animation\AnimatableValue.ixx">
      <Filter>include\Animation</Filter>
    </ClCompile>
    <ClCompile Include="src\Animation\AnimatableTransform2D.cpp">
      <Filter>�\�[�X �t�@�C��\Animation</Filter>
    </ClCompile>
    <ClCompile Include="include\Animation\AnimatableTransform3D.ixx">
      <Filter>include\Animation</Filter>
    </ClCompile>
    <ClCompile Include="src\Animation\AnimatableTransform3D.cpp">
      <Filter>�\�[�X �t�@�C��\Animation</Filter>
    </ClCompile>
    <ClCompile Include="src\Animation\TransformModule.ixx">
      <Filter>include\Transform</Filter>
    </ClCompile>
    <ClCompile Include="include\Utils\UniString.ixx">
      <Filter>include\Utils</Filter>
    </ClCompile>
    <ClCompile Include="src\Utils\UniString.cppm">
      <Filter>�\�[�X �t�@�C��\Utils</Filter>
    </ClCompile>
    <ClCompile Include="include\Asset\AssetType.ixx">
      <Filter>include\Asset</Filter>
    </ClCompile>
    <ClCompile Include="include\Asset\AssetImportSetting.ixx">
      <Filter>include\Asset</Filter>
    </ClCompile>
    <ClCompile Include="include\Utils\FileLike.ixx">
      <Filter>include\Utils</Filter>
    </ClCompile>
    <ClCompile Include="include\Utils\AssetManager.ixx">
      <Filter>include\Asset</Filter>
    </ClCompile>
    <ClCompile Include="src\Asset\AssetManager.cppm">
      <Filter>�\�[�X �t�@�C��\Asset</Filter>
    </ClCompile>
    <ClCompile Include="include\Script\Engine\Syntax\ASTNode.ixx">
      <Filter>include\Script\Engine</Filter>
    </ClCompile>
    <ClCompile Include="include\Layer\Layer2D.ixx">
      <Filter>include\Layer</Filter>
    </ClCompile>
    <ClCompile Include="src\Script\Engine\Syntax\ASTNode.cppm">
      <Filter>�\�[�X �t�@�C��\Script\Engine</Filter>
    </ClCompile>
    <ClCompile Include="include\Script\Engine\Syntax\Evaluator.ixx">
      <Filter>include\Script\Engine</Filter>
    </ClCompile>
    <ClCompile Include="include\Script\Engine\Func\ExprIntrinsics.ixx">
      <Filter>include\Script\Engine\Func</Filter>
    </ClCompile>
    <ClCompile Include="include\Script\Engine\Func\BuiltinManager.ixx">
      <Filter>include\Script\Engine\Func</Filter>
    </ClCompile>
    <ClCompile Include="include\Script\Engine\Enviroment\EnvironmentManager.ixx">
      <Filter>include\Script\Engine\Enviroment</Filter>
    </ClCompile>
    <ClCompile Include="include\Script\Engine\Value\Lexer.ixx">
      <Filter>include\Script\Engine\Lexer</Filter>
    </ClCompile>
    <ClCompile Include="src\Script\Engine\Enviroment\EnvironmentManager.cpp">
      <Filter>�\�[�X �t�@�C��\Script\Engine</Filter>
    </ClCompile>
    <ClCompile Include="src\Script\Engine\Func\ExprIntrinsics.cppm">
      <Filter>�\�[�X �t�@�C��\Script\Engine\Func</Filter>
    </ClCompile>
    <ClCompile Include="src\Script\Engine\Func\BuiltinManager.cpp">
      <Filter>�\�[�X �t�@�C��\Script\Engine\Func</Filter>
    </ClCompile>
    <ClCompile Include="include\Script\Engine\Value\Value.ixx">
      <Filter>include\Script\Engine\Value</Filter>
    </ClCompile>
    <ClCompile Include="include\Script\Engine\BuiltinScriptVM.ixx">
      <Filter>include\Script\Engine</Filter>
    </ClCompile>
    <ClCompile Include="include\Preview\PreviewQuality.ixx">
      <Filter>include\Preview</Filter>
    </ClCompile>
    <ClCompile Include="include\Utils\Tag.ixx">
      <Filter>include\Utils</Filter>
    </ClCompile>
    <ClCompile Include="src\Utils\Tag.cpp">
      <Filter>�\�[�X �t�@�C��\Utils</Filter>
    </ClCompile>
    <ClCompile Include="include\Utils\StringConvertor.ixx">
      <Filter>include\Utils</Filter>
    </ClCompile>
    <ClCompile Include="include\VST\VSTHost.ixx">
      <Filter>include\VST</Filter>
    </ClCompile>
    <ClCompile Include="include\VST\VSTEffect.ixx">
      <Filter>include\VST</Filter>
    </ClCompile>
    <ClCompile Include="include\Audio\AudioBus.ixx">
      <Filter>include\Audio</Filter>
    </ClCompile>
    <ClCompile Include="src\Audio\AudioBus.cppm">
      <Filter>�\�[�X �t�@�C��\Audio</Filter>
    </ClCompile>
    <ClCompile Include="include\Graphics\Shader\ShaderCompileTask.ixx">
      <Filter>include\Graphics\Shader</Filter>
    </ClCompile>
    <ClCompile Include="include\Utils\MultipleTag.ixx">
      <Filter>include\Utils</Filter>
    </ClCompile>
    <ClCompile Include="src\Utils\MulitpleTag.cpp">
      <Filter>�\�[�X �t�@�C��\Utils</Filter>
    </ClCompile>
    <ClCompile Include="include\Script\Engine\Context\ScriptContext.ixx">
      <Filter>include\Script\Engine</Filter>
    </ClCompile>
    <ClCompile Include="src\Script\Engine\Context\ScriptContext.cpp">
      <Filter>�\�[�X �t�@�C��\Script</Filter>
    </ClCompile>
    <ClCompile Include="src\Frame\FrameTime.cpp">
      <Filter>�\�[�X �t�@�C��\Frame</Filter>
    </ClCompile>
    <ClCompile Include="src\Frame\FrameOffset.cppm">
      <Filter>�\�[�X �t�@�C��\Frame</Filter>
    </ClCompile>
    <ClCompile Include="src\Script\Engine\BultinScriptVM\BuiltinScriptVM.cpp">
      <Filter>�\�[�X �t�@�C��\Script</Filter>
    </ClCompile>
    <ClCompile Include="include\Utils\NameGenerator.ixx">
      <Filter>include\Utils</Filter>
    </ClCompile>
    <ClCompile Include="src\Utils\NameGenerator.cpp">
      <Filter>�\�[�X �t�@�C��\Utils</Filter>
    </ClCompile>
    <ClCompile Include="include\Math\Rotation.ixx">
      <Filter>include\Math</Filter>
    </ClCompile>
    <ClCompile Include="src\Math\Rotation.cppm">
      <Filter>�\�[�X �t�@�C��\Math</Filter>
    </ClCompile>
    <ClCompile Include="include\Icon\SvgToIcon.ixx">
      <Filter>include\Icon</Filter>
    </ClCompile>
    <ClCompile Include="include\Platform\SystemUsage.ixx">
      <Filter>include\Platform</Filter>
    </ClCompile>
    <ClCompile Include="include\Particle\Particle.ixx">
      <Filter>include\Particle</Filter>
    </ClCompile>
    <ClCompile Include="include\Particle\Wind.ixx">
      <Filter>include\Particle</Filter>
    </ClCompile>
    <ClCompile Include="include\Particle\Gravity.ixx">
      <Filter>include\Particle</Filter>
    </ClCompile>
    <ClCompile Include="include\Particle\Drug.ixx">
      <Filter>include\Particle</Filter>
    </ClCompile>
    <ClCompile Include="include\Codec\FFMpegAudioDecoder.ixx">
      <Filter>include\Codec</Filter>
    </ClCompile>
    <ClCompile Include="src\Codec\FFMpegAudioDecoder.cpp">
      <Filter>�\�[�X �t�@�C��\Codec</Filter>
    </ClCompile>
    <ClCompile Include="..\Artifact\include\Audio\AudioSegment.ixx">
      <Filter>include\Audio</Filter>
    </ClCompile>
    <ClCompile Include="include\Audio\AudioMixer.ixx">
      <Filter>include\Audio</Filter>
    </ClCompile>
    <ClCompile Include="include\Audio\AudioPanner.ixx">
      <Filter>include\Audio</Filter>
    </ClCompile>
    <ClCompile Include="src\Audio\AudioPanner.cpp">
      <Filter>�\�[�X �t�@�C��\Audio</Filter>
    </ClCompile>
    <ClCompile Include="src\Audio\AudioMixer.cpp">
      <Filter>�\�[�X �t�@�C��\Audio</Filter>
    </ClCompile>
    <ClCompile Include="src\Audio\AudioDownMixer.cpp">
      <Filter>�\�[�X �t�@�C��\Audio</Filter>
    </ClCompile>
    <ClCompile Include="include\Audio\AudioDownMixer.ixx">
      <Filter>include\Audio</Filter>
    </ClCompile>
    <ClCompile Include="include\Audio\AudioRingBuffer.ixx">
      <Filter>include\Audio</Filter>
    </ClCompile>
    <ClCompile Include="src\Audio\AudioRingBuffer.cpp">
      <Filter>�\�[�X �t�@�C��\Audio</Filter>
    </ClCompile>
    <ClCompile Include="include\Audio\AudioBackend.ixx">
      <Filter>include\Audio</Filter>
    </ClCompile>
    <ClCompile Include="include\Audio\AudioProvider.ixx">
      <Filter>include\Audio</Filter>
    </ClCompile>
    <ClCompile Include="include\Geometry\CalcSafeArea.ixx">
      <Filter>include\Geometory</Filter>
    </ClCompile>
    <ClCompile Include="include\Geometry\CalcGrid.ixx">
      <Filter>include\Geometory</Filter>
    </ClCompile>
    <ClCompile Include="include\Codec\DecoderPoolManager.ixx">
      <Filter>include\Codec</Filter>
    </ClCompile>
    <ClCompile Include="src\Codec\EncoderSetting.cpp">
      <Filter>�\�[�X �t�@�C��\Codec</Filter>
    </ClCompile>
    <ClCompile Include="src\Codec\FFMpegVideoDecoder.cpp">
      <Filter>�\�[�X �t�@�C��\Codec</Filter>
    </ClCompile>
    <ClCompile Include="include\Graphics\Vector3D.ixx">
      <Filter>include\Graphics</Filter>
    </ClCompile>
    <ClCompile Include="include\Graphics\Vector2D.ixx">
      <Filter>include\Graphics</Filter>
    </ClCompile>
    <ClCompile Include="include\Audio\SimpleWav.ixx">
      <Filter>include\Audio</Filter>
    </ClCompile>
    <ClCompile Include="src\Audio\SimpleWav.cpp">
      <Filter>�\�[�X �t�@�C��\Audio</Filter>
    </ClCompile>
    <ClCompile Include="include\Time\RationalTime.ixx">
      <Filter>include\Time</Filter>
    </ClCompile>
    <ClCompile Include="src\Time\RationalTime.cpp">
      <Filter>�\�[�X �t�@�C��\Time</Filter>
    </ClCompile>
    <ClCompile Include="include\Core\AspectRatio.ixx">
      <Filter>include\Core</Filter>
    </ClCompile>
    <ClCompile Include="src\Core\AspectRatio.cpp">
      <Filter>�\�[�X �t�@�C��\Core</Filter>
    </ClCompile>
    <ClCompile Include="src\Time\Duration.cpp">
      <Filter>�\�[�X �t�@�C��\Time</Filter>
    </ClCompile>
    <ClCompile Include="include\Time\TimeCodeRange.ixx">
      <Filter>include\Time</Filter>
    </ClCompile>
    <ClCompile Include="include\Platform\ProcessHelperWin.ixx">
      <Filter>include\Platform</Filter>
    </ClCompile>
    <ClCompile Include="src\Platform\ProcessHelperWin.cpp">
      <Filter>�\�[�X �t�@�C��\Platform</Filter>
    </ClCompile>
    <ClCompile Include="include\Utils\PointLike.ixx">
      <Filter>include\Utils</Filter>
    </ClCompile>
    <ClCompile Include="include\Image\ImageUtils.ixx">
      <Filter>include\Image</Filter>
    </ClCompile>
    <ClCompile Include="include\Graphics\CBuffer\PixelShaderConstants.ixx">
      <Filter>include\Graphics\CBuffer</Filter>
    </ClCompile>
    <ClCompile Include="include\Image\Helper\ImageFormatHelper.ixx">
      <Filter>include\Image\Helper</Filter>
    </ClCompile>
    <ClCompile Include="src\Audio\AudioDecibels.cppm">
      <Filter>�\�[�X �t�@�C��\Audio</Filter>
    </ClCompile>
    <ClCompile Include="include\Audio\AudioDecibels.ixx">
      <Filter>include\Audio</Filter>
    </ClCompile>
    <ClCompile Include="include\Color\XYZColor.ixx">
      <Filter>include\Color</Filter>
    </ClCompile>
    <ClCompile Include="include\Property\AbstractProperty.ixx">
      <Filter>include</Filter>
    </ClCompile>
    <ClCompile Include="include\Frame\FrameRange.ixx">
      <Filter>include\Frame</Filter>
    </ClCompile>
    <ClCompile Include="src\Frame\FrameRange.cpp">
      <Filter>�\�[�X �t�@�C��\Frame</Filter>
    </ClCompile>
    <ClCompile Include="src\Math\RotationTurns.cppm">
      <Filter>�\�[�X �t�@�C��</Filter>
    </ClCompile>
    <ClCompile Include="include\Audio\AudioBufferQueue.ixx" />
    <ClCompile Include="include\Codec\MFFrameExtractor.ixx" />
    <ClCompile Include="include\Color\LUT.ixx" />
    <ClCompile Include="include\File\FileTypeDetector.ixx" />
    <ClCompile Include="include\Graphics\Shader\HLSL\GradientShader.ixx" />
    <ClCompile Include="include\Media\MediaMetaData.ixx" />
    <ClCompile Include="include\Property\PropertyGroup.ixx" />
    <ClCompile Include="include\Media\MediaAudioDecoder.ixx" />
    <ClCompile Include="include\Media\MediaEditorController.ixx" />
    <ClCompile Include="include\Media\MediaImageFrameDecoder.ixx" />
    <ClCompile Include="include\Media\MediaPlaybackController.ixx" />
    <ClCompile Include="include\Media\MediaReader.ixx" />
    <ClCompile Include="include\Media\MediaSource.ixx" />
    <ClCompile Include="include\Playback\PlaybackClock.ixx" />
    <ClCompile Include="include\UI\DragOperator.ixx" />
    <ClCompile Include="include\UI\RotateOperator.ixx" />
    <ClCompile Include="include\UI\ScaleOperator.ixx" />
    <ClCompile Include="include\UI\SelectOperator.ixx" />
    <ClCompile Include="src\Analyze\Histgram.cppm" />
    <ClCompile Include="src\Codec\MFFrameExtractor.cppm" />
    <ClCompile Include="src\Color\XYZColor.cppm" />
    <ClCompile Include="src\File\FileTypeDetector.cppm" />
    <ClCompile Include="src\Image\ImageF32x4.cpp" />
    <ClCompile Include="src\Property\AbstractProperty.cppm" />
    <ClCompile Include="src\Knob\Knob.ixx" />
    <ClCompile Include="src\Knob\KnobList.ixx" />
    <ClCompile Include="src\Media\MediaAudioDecoder.cppm" />
    <ClCompile Include="src\Media\MediaEditorController.cppm" />
    <ClCompile Include="src\Media\MediaImageFrameDecoder.cppm" />
    <ClCompile Include="src\Media\MediaPlaybackController.cppm" />
    <ClCompile Include="src\Media\MediaReader.cppm" />
    <ClCompile Include="src\Media\MediaSource.cppm" />
    <ClCompile Include="src\Playback\PlaybackClock.cppm" />
    <ClCompile Include="src\Preview\PreviewQuality.cpp" />
    <ClCompile Include="src\Property\PropertyGroup.cpp" />
    <ClCompile Include="src\Time\TimeCodeRange.cpp" />
    <ClCompile Include="src\UI\InputOperatorManager.cppm" />
    <ClCompile Include="src\UI\RotateOperator.cpp" />
  </ItemGroup>
  <ItemGroup>
    <None Include="include\Image\CvMatPaintDevice.hpp">
      <Filter>include\Image</Filter>
    </None>
    <None Include="include\Composition\OpenCVCompositionBuffer2D.hpp">
      <Filter>include\Composition</Filter>
    </None>
    <None Include="src\Composition\OpenCVCompositionBuffer2D.cpp">
      <Filter>�\�[�X �t�@�C��\Composition</Filter>
    </None>
    <None Include="include\third_party\Core">
      <Filter>include\third_party</Filter>
    </None>
    <None Include="include\Channel\DiskSize.ixx">
      <Filter>include\Common</Filter>
    </None>
    <None Include="include\ImageProcessing\Halide\Lift.ixx">
      <Filter>include\ImageProcessing\Halide</Filter>
    </None>
    <None Include="src\ImageProcessing\OpenCV\AutoContrastCV.cppm">
      <Filter>�\�[�X �t�@�C��\ImageProcessing\OpenCV</Filter>
    </None>
    <None Include="src\ImageProcessing\OpenCV\AutoGammaCV.cppm">
      <Filter>�\�[�X �t�@�C��\ImageProcessing\OpenCV</Filter>
    </None>
    <None Include="include\Utils\JsonLike.ixx">
      <Filter>include\Utils</Filter>
    </None>
    <None Include="src\Audio\AudioWriter.cppm">
      <Filter>�\�[�X �t�@�C��\Audio</Filter>
    </None>
    <None Include="docs\PlaybackClock_Usage.md" />
    <None Include="docs\TimelineClock_Architecture.md" />
    <None Include="docs\MFFrameExtractor_Usage.md" />
    <None Include="docs\FrameRange_Usage.md" />
  </ItemGroup>
  <ItemGroup>
    <FxCompile Include="include\Graphics\Shader\HLSL\FloatBGRAtoRGBA.hlsl">
      <Filter>include\Graphics\Shader</Filter>
    </FxCompile>
    <FxCompile Include="include\Graphics\Shader\HLSL\Negate.hlsl">
      <Filter>include\Graphics\Shader</Filter>
    </FxCompile>
    <FxCompile Include="include\ImageProcessing\DirectCompute\Mono.hlsl">
      <Filter>include\Graphics\Shader</Filter>
    </FxCompile>
    <FxCompile Include="include\Graphics\Shader\HLSL\RGBAChannelSwap.hlsl">
      <Filter>include\Graphics\Shader</Filter>
    </FxCompile>
    <FxCompile Include="include\Graphics\Shader\HLSL\Glow.hlsl">
      <Filter>include\Graphics\Shader</Filter>
    </FxCompile>
    <FxCompile Include="include\Graphics\Shader\HLSL\LuminanceExtractionBGRA.hlsl">
      <Filter>include\Graphics\Shader</Filter>
    </FxCompile>
    <FxCompile Include="include\ImageProcessing\DirectCompute\Thresholding.hlsl">
      <Filter>include\Graphics\Shader</Filter>
    </FxCompile>
    <FxCompile Include="include\Graphics\Shader\HLSL\Mask\EdgeMask.hlsl">
      <Filter>include\Graphics\Shader</Filter>
    </FxCompile>
    <FxCompile Include="include\Graphics\Shader\HLSL\Blend\CS_BlendNormal.hlsl">
      <Filter>include\Graphics\Shader\Blend</Filter>
    </FxCompile>
    <FxCompile Include="include\Graphics\Shader\HLSL\Blend\CS_BlendAdd.hlsl">
      <Filter>include\Graphics\Shader\Blend</Filter>
    </FxCompile>
    <FxCompile Include="include\Graphics\Shader\HLSL\Blend\CS_BlendScreen.hlsl">
      <Filter>include\Graphics\Shader\Blend</Filter>
    </FxCompile>
    <FxCompile Include="include\Graphics\Shader\HLSL\Blend\CS_BlendOverlay.hlsl">
      <Filter>include\Graphics\Shader\Blend</Filter>
    </FxCompile>
    <FxCompile Include="include\Graphics\Shader\HLSL\Blend\CS_BlendSoftlight.hlsl">
      <Filter>include\Graphics\Shader\Blend</Filter>
    </FxCompile>
    <FxCompile Include="include\Graphics\Shader\HLSL\Blur\BoxBlur5x5.hlsl">
      <Filter>include\Graphics\Shader\Blur</Filter>
    </FxCompile>
    <FxCompile Include="include\Graphics\Shader\Pixel\Basic2DImagePS.hlsl">
      <Filter>include\Graphics\Shader\Pixel</Filter>
    </FxCompile>
    <FxCompile Include="include\Graphics\Shader\Vertex\HLSL\VertexShader.hlsl">
      <Filter>include\Graphics\Shader</Filter>
    </FxCompile>
    <FxCompile Include="src\Platform\FSR1.fx">
      <Filter>include\Graphics\Shader\Fx</Filter>
    </FxCompile>
    <FxCompile Include="include\Graphics\Shader\HLSL\MotionVector\MotionVector.hlsl">
      <Filter>include\Graphics\Shader\HLSL</Filter>
    </FxCompile>
  </ItemGroup>
</Project>