<?xml version="1.0" encoding="utf-8"?>
<Project ToolsVersion="4.0" xmlns="http://schemas.microsoft.com/developer/msbuild/2003">
  <ItemGroup>
    <Filter Include="ソース ファイル">
      <UniqueIdentifier>{4FC737F1-C7A5-4376-A066-2A32D752A2FF}</UniqueIdentifier>
      <Extensions>cpp;c;cc;cxx;c++;cppm;ixx;def;odl;idl;hpj;bat;asm;asmx</Extensions>
    </Filter>
    <Filter Include="ヘッダー ファイル">
      <UniqueIdentifier>{93995380-89BD-4b04-88EB-625FBE52EBFB}</UniqueIdentifier>
      <Extensions>h;hh;hpp;hxx;h++;hm;inl;inc;ipp;xsd</Extensions>
    </Filter>
    <Filter Include="リソース ファイル">
      <UniqueIdentifier>{67DA6AB6-F800-4c08-8B7A-83BB121AAD01}</UniqueIdentifier>
      <Extensions>rc;ico;cur;bmp;dlg;rc2;rct;bin;rgs;gif;jpg;jpeg;jpe;resx;tiff;tif;png;wav;mfcribbon-ms</Extensions>
    </Filter>
    <Filter Include="ヘッダー ファイル\Image">
      <UniqueIdentifier>{dcb74a76-a9d8-412b-9da6-21bdad182052}</UniqueIdentifier>
    </Filter>
    <Filter Include="ヘッダー ファイル\ImageProcessing">
      <UniqueIdentifier>{16500490-ef36-4d24-843d-50b424ec7908}</UniqueIdentifier>
    </Filter>
    <Filter Include="ヘッダー ファイル\Asset">
      <UniqueIdentifier>{3a9112ba-bff9-434c-8e9d-ff9c0b5dec48}</UniqueIdentifier>
    </Filter>
    <Filter Include="ヘッダー ファイル\Codec">
      <UniqueIdentifier>{6077b6a5-6d0a-4d88-8084-9a93bd7d86ca}</UniqueIdentifier>
    </Filter>
    <Filter Include="ヘッダー ファイル\Color">
      <UniqueIdentifier>{457c2f11-9ad1-438b-8862-a1bcb1850f4a}</UniqueIdentifier>
    </Filter>
    <Filter Include="ソース ファイル\Color">
      <UniqueIdentifier>{cfa94d34-6cdc-4389-abd6-4b1435855278}</UniqueIdentifier>
    </Filter>
    <Filter Include="ソース ファイル\Image">
      <UniqueIdentifier>{726ff667-eb1c-45dd-a05a-50a05afefcc8}</UniqueIdentifier>
    </Filter>
    <Filter Include="ソース ファイル\Asset">
      <UniqueIdentifier>{e88e6b5a-f92b-4636-947a-dc8d40b5dbfd}</UniqueIdentifier>
    </Filter>
    <Filter Include="ソース ファイル\ImageProcessing">
      <UniqueIdentifier>{c798c434-72ed-48b9-a184-4e4a66263c9d}</UniqueIdentifier>
    </Filter>
    <Filter Include="ソース ファイル\Codec">
      <UniqueIdentifier>{c5d0048e-3512-456d-a549-45f126c7e067}</UniqueIdentifier>
    </Filter>
    <Filter Include="ソース ファイル\Format">
      <UniqueIdentifier>{4a983046-c26b-413d-bd5e-cddd286a004e}</UniqueIdentifier>
    </Filter>
    <Filter Include="ソース ファイル\Generator">
      <UniqueIdentifier>{3a86626d-b7bf-4179-9d6b-24ec4ef13cb3}</UniqueIdentifier>
    </Filter>
    <Filter Include="ヘッダー ファイル\Generator">
      <UniqueIdentifier>{76daaacf-34eb-4371-863b-2cb0e46fe212}</UniqueIdentifier>
    </Filter>
    <Filter Include="ヘッダー ファイル\Mesh">
      <UniqueIdentifier>{9ceaa50d-cf5a-4556-bdd4-2f86c03ea434}</UniqueIdentifier>
    </Filter>
    <Filter Include="ソース ファイル\Mesh">
      <UniqueIdentifier>{55e2f88a-e71f-49f9-80a6-333b58a04e20}</UniqueIdentifier>
    </Filter>
    <Filter Include="ヘッダー ファイル\Knob">
      <UniqueIdentifier>{69573baf-95cc-4cd2-92db-75b2085944ac}</UniqueIdentifier>
    </Filter>
    <Filter Include="ヘッダー ファイル\Cache">
      <UniqueIdentifier>{4e035de1-eb08-4fcc-b34b-1b37671c9388}</UniqueIdentifier>
    </Filter>
    <Filter Include="ヘッダー ファイル\Render">
      <UniqueIdentifier>{4561b96e-4a16-40be-a18d-92959afd4afc}</UniqueIdentifier>
    </Filter>
    <Filter Include="ヘッダー ファイル\Script">
      <UniqueIdentifier>{3b8fe800-793e-430a-ab7c-976640d77123}</UniqueIdentifier>
    </Filter>
    <Filter Include="ヘッダー ファイル\Composition">
      <UniqueIdentifier>{12ad6f73-f992-4a28-ae59-5ab8c93b174e}</UniqueIdentifier>
    </Filter>
    <Filter Include="ヘッダー ファイル\Rule">
      <UniqueIdentifier>{9adf484d-6d82-40d1-938f-6076dea3533f}</UniqueIdentifier>
    </Filter>
    <Filter Include="ヘッダー ファイル\File">
      <UniqueIdentifier>{8720a8ca-4df1-49f8-ae97-bd2cc8a8ed6d}</UniqueIdentifier>
    </Filter>
    <Filter Include="ヘッダー ファイル\Transform">
      <UniqueIdentifier>{cbfae721-524e-4430-901b-9283294d7ec3}</UniqueIdentifier>
    </Filter>
    <Filter Include="ソース ファイル\Transform">
      <UniqueIdentifier>{98a04817-2353-478e-aa00-a89ce7d3a776}</UniqueIdentifier>
    </Filter>
    <Filter Include="ヘッダー ファイル\Common">
      <UniqueIdentifier>{4e826d6c-3063-4437-902c-203daa344558}</UniqueIdentifier>
    </Filter>
    <Filter Include="ヘッダー ファイル\Video">
      <UniqueIdentifier>{c2a3f5bb-ed6c-4418-a3ce-7963abd014a4}</UniqueIdentifier>
    </Filter>
    <Filter Include="ヘッダー ファイル\Converter">
      <UniqueIdentifier>{d91d1b2c-258d-4fee-a41a-338666f660b7}</UniqueIdentifier>
    </Filter>
    <Filter Include="ヘッダー ファイル\Media">
      <UniqueIdentifier>{8c58e782-074f-4b5b-b6f2-c173376bac83}</UniqueIdentifier>
    </Filter>
    <Filter Include="ソース ファイル\Media">
      <UniqueIdentifier>{e67be41c-61a7-4c32-9af2-02fa044e410e}</UniqueIdentifier>
    </Filter>
    <Filter Include="ソース ファイル\Composition">
      <UniqueIdentifier>{8658e74c-c1a9-475a-a54c-a46d5beb4ffd}</UniqueIdentifier>
    </Filter>
    <Filter Include="ヘッダー ファイル\Layer">
      <UniqueIdentifier>{895429db-9508-4919-9bc0-ffee21ab44b7}</UniqueIdentifier>
    </Filter>
    <Filter Include="ヘッダー ファイル\ImageProcessing\Halide">
      <UniqueIdentifier>{6207af97-e17d-4a0e-9876-05d59229a9d9}</UniqueIdentifier>
    </Filter>
    <Filter Include="ヘッダー ファイル\Frame">
      <UniqueIdentifier>{729d0fe1-3e60-4f7a-b85c-92ab170a4ccd}</UniqueIdentifier>
    </Filter>
    <Filter Include="ヘッダー ファイル\Channel">
      <UniqueIdentifier>{14d38c51-e973-4b2e-acde-d02fc341476f}</UniqueIdentifier>
    </Filter>
    <Filter Include="ヘッダー ファイル\third_party">
      <UniqueIdentifier>{769554a5-e719-4c5c-81aa-414c5f9aff56}</UniqueIdentifier>
    </Filter>
    <Filter Include="ソース ファイル\Frame">
      <UniqueIdentifier>{3af90a02-3c61-48d7-826c-46ed7c78d58a}</UniqueIdentifier>
    </Filter>
    <Filter Include="ソース ファイル\Layer">
      <UniqueIdentifier>{b8d8951f-1dd1-45d1-af84-a529ca9f7d65}</UniqueIdentifier>
    </Filter>
    <Filter Include="ヘッダー ファイル\Audio">
      <UniqueIdentifier>{afde49ff-67bc-4851-8d56-dccf33fbd28e}</UniqueIdentifier>
    </Filter>
    <Filter Include="ヘッダー ファイル\Define">
      <UniqueIdentifier>{6a668d61-770c-4aed-9d3c-1706f02e6c37}</UniqueIdentifier>
    </Filter>
    <Filter Include="ソース ファイル\Rule">
      <UniqueIdentifier>{ff64a0ca-6f89-4fd3-84f8-6a66ffb213ba}</UniqueIdentifier>
    </Filter>
    <Filter Include="ヘッダー ファイル\Platform">
      <UniqueIdentifier>{38636d84-fc97-4c2c-91e2-fb1b5f3373f8}</UniqueIdentifier>
    </Filter>
    <Filter Include="ソース ファイル\Platform">
      <UniqueIdentifier>{0dbfbd31-f0b9-453a-b38d-216263ee2b94}</UniqueIdentifier>
    </Filter>
    <Filter Include="ヘッダー ファイル\ImageProcessing\GAPI">
      <UniqueIdentifier>{f4721aa2-27f0-4b6d-ae9d-d71947ad8fa3}</UniqueIdentifier>
    </Filter>
    <Filter Include="ソース ファイル\ImageProcessing\GAPI">
      <UniqueIdentifier>{491a9bc3-0033-422d-b4c5-7285e7f359f9}</UniqueIdentifier>
    </Filter>
    <Filter Include="ソース ファイル\ImageProcessing\Halide">
      <UniqueIdentifier>{9277dfaa-43f5-4b86-b090-fa7db456cb2f}</UniqueIdentifier>
    </Filter>
    <Filter Include="ソース ファイル\GPU">
      <UniqueIdentifier>{9d3e77ee-5655-4e8d-b0c5-a943fb1b094a}</UniqueIdentifier>
    </Filter>
    <Filter Include="ヘッダー ファイル\GPU">
      <UniqueIdentifier>{f8dc6fb0-c1c2-449b-8436-74235812cece}</UniqueIdentifier>
    </Filter>
    <Filter Include="ヘッダー ファイル\ImageProcessing\OpenCV">
      <UniqueIdentifier>{95ed5fcb-1001-4197-bb71-a97d496e69ea}</UniqueIdentifier>
    </Filter>
    <Filter Include="ヘッダー ファイル\Linq">
      <UniqueIdentifier>{0540b31a-5dc0-47a5-9d0b-299055803892}</UniqueIdentifier>
    </Filter>
    <Filter Include="ソース ファイル\Draw">
      <UniqueIdentifier>{b3be87da-c266-4a84-b029-0a8b2393346c}</UniqueIdentifier>
    </Filter>
    <Filter Include="ソース ファイル\ImageProcessing\OpenCV">
      <UniqueIdentifier>{d294f833-b22b-4a27-8cf3-410051d711b1}</UniqueIdentifier>
    </Filter>
    <Filter Include="ヘッダー ファイル\Core">
      <UniqueIdentifier>{a6774677-655e-40d8-a690-5701ab5a1c8b}</UniqueIdentifier>
    </Filter>
    <Filter Include="ソース ファイル\Core">
      <UniqueIdentifier>{dd8e7653-6d53-4e97-871d-450e8fc6b978}</UniqueIdentifier>
    </Filter>
    <Filter Include="ヘッダー ファイル\KeyFrame">
      <UniqueIdentifier>{cc29bf9f-1adf-4198-8ba0-7aa573548df1}</UniqueIdentifier>
    </Filter>
    <Filter Include="ヘッダー ファイル\Image\Halide">
      <UniqueIdentifier>{bbe3787e-729a-4815-bb30-0e3eda86e90c}</UniqueIdentifier>
    </Filter>
    <Filter Include="ソース ファイル\Image\Halide">
      <UniqueIdentifier>{1e538eb9-2c2c-4f60-977d-278abd461d83}</UniqueIdentifier>
    </Filter>
    <Filter Include="ソース ファイル\Utils">
      <UniqueIdentifier>{5f672dfe-0cac-4f26-98da-05cbebde1042}</UniqueIdentifier>
    </Filter>
    <Filter Include="ソース ファイル\Analyze">
      <UniqueIdentifier>{4e8ac5fb-58f3-4bb2-9fb5-3409e311a3be}</UniqueIdentifier>
    </Filter>
    <Filter Include="ヘッダー ファイル\Analyze">
      <UniqueIdentifier>{cc6f9c4e-35be-499e-a4ba-fe1981784a3c}</UniqueIdentifier>
    </Filter>
    <Filter Include="ソース ファイル\Analyze\OpenCV">
      <UniqueIdentifier>{2ee62a63-b373-43ad-a316-e997cff78bfd}</UniqueIdentifier>
    </Filter>
    <Filter Include="ヘッダー ファイル\Analyze\OpenCV">
      <UniqueIdentifier>{55f46a96-65bc-47c9-aa96-1523ba8a7b27}</UniqueIdentifier>
    </Filter>
    <Filter Include="ヘッダー ファイル\ImageProcessing\ColorTransform">
      <UniqueIdentifier>{365d019a-0c17-4527-8460-9c4506ad3653}</UniqueIdentifier>
    </Filter>
    <Filter Include="ヘッダー ファイル\Sound">
      <UniqueIdentifier>{949168d0-d1ab-4c7d-ae70-9ad8dfcb7136}</UniqueIdentifier>
    </Filter>
    <Filter Include="ヘッダー ファイル\Test">
      <UniqueIdentifier>{42f18a43-d606-4d6e-95d4-d1b2a806ff4e}</UniqueIdentifier>
    </Filter>
    <Filter Include="ヘッダー ファイル\IO">
      <UniqueIdentifier>{405245b7-cfe3-4c0c-ba36-e32f4b4c2165}</UniqueIdentifier>
    </Filter>
    <Filter Include="ソース ファイル\Image\OpenCV">
      <UniqueIdentifier>{c88123f1-0c33-4104-bfa0-da430948cecf}</UniqueIdentifier>
    </Filter>
    <Filter Include="ヘッダー ファイル\Image\OpenCV">
      <UniqueIdentifier>{926ce30f-4aa0-4e9a-8528-45a78003d47b}</UniqueIdentifier>
    </Filter>
    <Filter Include="ヘッダー ファイル\Physics">
      <UniqueIdentifier>{006ad42b-a33a-4b5e-8d6e-1849d2ad15ea}</UniqueIdentifier>
    </Filter>
    <Filter Include="ソース ファイル\Physics">
      <UniqueIdentifier>{88b8416f-a227-4b47-8420-dcd75d5a6992}</UniqueIdentifier>
    </Filter>
    <Filter Include="ソース ファイル\File">
      <UniqueIdentifier>{2858191d-9cc3-4d7d-803e-c47ab88cd314}</UniqueIdentifier>
    </Filter>
    <Filter Include="ヘッダー ファイル\Time">
      <UniqueIdentifier>{38464287-270a-49a8-9e86-35fd71706d70}</UniqueIdentifier>
    </Filter>
    <Filter Include="ヘッダー ファイル\Geometry">
      <UniqueIdentifier>{bca77fd1-3d86-44e0-87db-dd69435b17ea}</UniqueIdentifier>
    </Filter>
    <Filter Include="ヘッダー ファイル\Math">
      <UniqueIdentifier>{555f6cd0-af35-4d9d-9143-2e7e36d2e540}</UniqueIdentifier>
    </Filter>
    <Filter Include="ヘッダー ファイル\Graphics">
      <UniqueIdentifier>{ce849b34-fa91-4b6f-82ba-d2a9c956d344}</UniqueIdentifier>
    </Filter>
    <Filter Include="ヘッダー ファイル\Script\hostfxr">
      <UniqueIdentifier>{825a0dc5-ca08-44ef-96c9-d7aeb7c807c7}</UniqueIdentifier>
    </Filter>
    <Filter Include="ソース ファイル\Script">
      <UniqueIdentifier>{c8ff933a-ceca-4889-919d-bf8cc5c6e0a6}</UniqueIdentifier>
    </Filter>
    <Filter Include="ヘッダー ファイル\Utils">
      <UniqueIdentifier>{363d3253-b170-4b2b-9559-b2200b255b57}</UniqueIdentifier>
    </Filter>
    <Filter Include="ヘッダー ファイル\ImageProcessing\Grading">
      <UniqueIdentifier>{4d9b9b06-57e9-41b2-962f-778cf20723c4}</UniqueIdentifier>
    </Filter>
    <Filter Include="ヘッダー ファイル\Image\Vulkan">
      <UniqueIdentifier>{de72fe27-6316-4bdd-a54d-433f3dd153e5}</UniqueIdentifier>
    </Filter>
    <Filter Include="ソース ファイル\Graphics">
      <UniqueIdentifier>{cd39b323-5805-4490-9b83-d2a5787e806b}</UniqueIdentifier>
    </Filter>
    <Filter Include="ヘッダー ファイル\Graphics\Shader">
      <UniqueIdentifier>{ee2b9b9d-e375-45b9-b8ca-ce32e7ff5a3f}</UniqueIdentifier>
    </Filter>
    <Filter Include="ヘッダー ファイル\Project">
      <UniqueIdentifier>{59b5d57f-eacd-4d93-a48c-80dce4e8d7c8}</UniqueIdentifier>
    </Filter>
    <Filter Include="ソース ファイル\IO">
      <UniqueIdentifier>{d98e63e9-bae6-436e-9135-0c99fef66a36}</UniqueIdentifier>
    </Filter>
    <Filter Include="ヘッダー ファイル\EnviromentVariable">
      <UniqueIdentifier>{b1da1cb0-4e46-45dc-964c-e1921ed982f3}</UniqueIdentifier>
    </Filter>
    <Filter Include="ソース ファイル\EnvironmentVariable">
      <UniqueIdentifier>{a76494b6-bef4-4ba5-94e5-743f4e3130fe}</UniqueIdentifier>
    </Filter>
    <Filter Include="ヘッダー ファイル\ImageProcessing\DirectCompute">
      <UniqueIdentifier>{d86ffefc-f229-4bd1-bfb0-9ed10f35284f}</UniqueIdentifier>
    </Filter>
    <Filter Include="ソース ファイル\ImageProcessing\DirectCompute">
      <UniqueIdentifier>{1b9e18d0-d758-4591-8f23-00c630e728ed}</UniqueIdentifier>
    </Filter>
    <Filter Include="ヘッダー ファイル\Track">
      <UniqueIdentifier>{a58a7b8a-4562-4cf3-8a3d-3057173559c0}</UniqueIdentifier>
    </Filter>
    <Filter Include="ソース ファイル\Math">
      <UniqueIdentifier>{3089cf78-6c66-443f-9fbf-6cef7144d0a1}</UniqueIdentifier>
    </Filter>
    <Filter Include="ヘッダー ファイル\Hash">
      <UniqueIdentifier>{2ff3a074-32ed-4f0f-a8f0-4bc65336a755}</UniqueIdentifier>
    </Filter>
    <Filter Include="ソース ファイル\Video">
      <UniqueIdentifier>{3fe5345d-3c93-4102-87e9-86ec00ddb777}</UniqueIdentifier>
    </Filter>
  </ItemGroup>
  <ItemGroup>
    <ClInclude Include="include\ImageProcessing\NoiseImageGenerator.ixx">
      <Filter>ヘッダー ファイル\Generator</Filter>
    </ClInclude>
    <ClInclude Include="include\Video\GStreamerEncoder.ixx">
      <Filter>ヘッダー ファイル\Codec</Filter>
    </ClInclude>
    <ClInclude Include="include\Image\FloatImage.hpp">
      <Filter>ヘッダー ファイル\Image</Filter>
    </ClInclude>
    <ClInclude Include="include\Mesh\WavefrontObj.hpp">
      <Filter>ヘッダー ファイル\Mesh</Filter>
    </ClInclude>
    <ClInclude Include="include\Mesh\FBX.hpp">
      <Filter>ヘッダー ファイル\Mesh</Filter>
    </ClInclude>
    <ClInclude Include="include\Knob\AbstractKnob.ixx">
      <Filter>ヘッダー ファイル\Knob</Filter>
    </ClInclude>
    <ClInclude Include="include\Knob\KnobList.ixx">
      <Filter>ヘッダー ファイル\Knob</Filter>
    </ClInclude>
    <ClInclude Include="include\Script\CSharpScriptEngine.hpp">
      <Filter>ヘッダー ファイル\Script</Filter>
    </ClInclude>
    <ClInclude Include="include\Rule\NamingRule.hpp">
      <Filter>ヘッダー ファイル\Rule</Filter>
    </ClInclude>
    <ClInclude Include="include\Image\RenderedImage.hpp">
      <Filter>ヘッダー ファイル</Filter>
    </ClInclude>
    <ClInclude Include="include\Image\CvMatPaintEngine.hpp">
      <Filter>ヘッダー ファイル\Image</Filter>
    </ClInclude>
    <ClInclude Include="include\ImageProcessing\Blur.hpp">
      <Filter>ヘッダー ファイル\ImageProcessing</Filter>
    </ClInclude>
    <ClInclude Include="include\ImageProcessing\Halide\HalideFunc.hpp">
      <Filter>ヘッダー ファイル\ImageProcessing\Halide</Filter>
    </ClInclude>
    <ClInclude Include="include\ImageProcessing\Halide\HalideArithmetic.hpp">
      <Filter>ヘッダー ファイル\ImageProcessing\Halide</Filter>
    </ClInclude>
    <ClInclude Include="include\ImageProcessing\Halide\HalideMerge.hpp">
      <Filter>ヘッダー ファイル\ImageProcessing\Halide</Filter>
    </ClInclude>
    <ClInclude Include="include\third_party\stb_image.h">
      <Filter>ヘッダー ファイル\third_party</Filter>
    </ClInclude>
    <ClInclude Include="include\Composition\AbstractCompositionBuffer2D.ixx">
      <Filter>ヘッダー ファイル\Composition</Filter>
    </ClInclude>
    <ClInclude Include="include\Image\FloatBitmapImage.hpp">
      <Filter>ヘッダー ファイル</Filter>
    </ClInclude>
    <ClInclude Include="include\Define\DllExportMacro.hpp">
      <Filter>ヘッダー ファイル\Define</Filter>
    </ClInclude>
    <ClInclude Include="include\Color\Alpha.ixx">
      <Filter>ヘッダー ファイル\Color</Filter>
    </ClInclude>
    <ClInclude Include="include\Color\Histgram.ixx">
      <Filter>ヘッダー ファイル\Color</Filter>
    </ClInclude>
  </ItemGroup>
  <ItemGroup>
    <ClCompile Include="src\Codec\GStreamerDecoder.cpp">
      <Filter>ソース ファイル\Codec</Filter>
    </ClCompile>
    <ClCompile Include="src\Mesh\WavefrontObj.cpp">
      <Filter>ソース ファイル\Mesh</Filter>
    </ClCompile>
    <ClCompile Include="src\Image\BitmapImage.cpp">
      <Filter>ソース ファイル\Image</Filter>
    </ClCompile>
    <ClCompile Include="src\Image\MeshEncoder.cpp">
      <Filter>ソース ファイル\Codec</Filter>
    </ClCompile>
    <ClCompile Include="src\Image\FloatImage.cpp">
      <Filter>ソース ファイル\Image</Filter>
    </ClCompile>
    <ClCompile Include="src\Asset\AssetMetaFile.cpp">
      <Filter>ソース ファイル\Asset</Filter>
    </ClCompile>
    <ClCompile Include="src\Asset\AbstractAssetFile.cpp">
      <Filter>ソース ファイル\Asset</Filter>
    </ClCompile>
    <ClCompile Include="src\Video\LibVLCDecoder.cpp">
      <Filter>ソース ファイル\Codec</Filter>
    </ClCompile>
    <ClCompile Include="src\AbstractDecoder.cpp">
      <Filter>ソース ファイル\Codec</Filter>
    </ClCompile>
    <ClCompile Include="src\Video\AbstractEncoder.cpp">
      <Filter>ソース ファイル\Codec</Filter>
    </ClCompile>
    <ClCompile Include="src\Media\MediaFrame.cpp">
      <Filter>ソース ファイル\Media</Filter>
    </ClCompile>
    <ClCompile Include="include\Image\CvMatPaintDevice.cpp">
      <Filter>ソース ファイル\Image</Filter>
    </ClCompile>
    <ClCompile Include="src\Composition\CompositionBuffer2D.cpp">
      <Filter>ソース ファイル\Composition</Filter>
    </ClCompile>
    <ClCompile Include="src\ImageProcessing\Blur.cpp">
      <Filter>ソース ファイル\ImageProcessing</Filter>
    </ClCompile>
    <ClCompile Include="src\Transform\Rotate.cpp">
      <Filter>ソース ファイル\Transform</Filter>
    </ClCompile>
    <ClCompile Include="src\Transform\Transform.cpp">
      <Filter>ソース ファイル\Transform</Filter>
    </ClCompile>
    <ClCompile Include="src\Layer\Layer2D.cpp">
      <Filter>ソース ファイル\Layer</Filter>
    </ClCompile>
    <ClCompile Include="src\Color\FloatRGBA.cppm">
      <Filter>ソース ファイル\Color</Filter>
    </ClCompile>
    <ClCompile Include="src\Transform\Scale2D.cpp">
      <Filter>ソース ファイル\Transform</Filter>
    </ClCompile>
    <ClCompile Include="include\Channel\Channel.ixx">
      <Filter>ヘッダー ファイル\Channel</Filter>
    </ClCompile>
    <ClCompile Include="include\Channel\Codec.ixx">
      <Filter>ヘッダー ファイル\Codec</Filter>
    </ClCompile>
    <ClCompile Include="include\Channel\Generator.ixx">
      <Filter>ヘッダー ファイル\Generator</Filter>
    </ClCompile>
    <ClCompile Include="include\Channel\OS.ixx">
      <Filter>ヘッダー ファイル\Common</Filter>
    </ClCompile>
    <ClCompile Include="include\Frame\Frame.ixx">
      <Filter>ヘッダー ファイル\Frame</Filter>
    </ClCompile>
    <ClCompile Include="include\Image\BitmapImage.ixx">
      <Filter>ヘッダー ファイル\Image</Filter>
    </ClCompile>
    <ClCompile Include="include\Transform\Rotate2D.ixx">
      <Filter>ヘッダー ファイル\Transform</Filter>
    </ClCompile>
    <ClCompile Include="include\Video\AbstractDecoder.ixx">
      <Filter>ヘッダー ファイル\Codec</Filter>
    </ClCompile>
    <ClCompile Include="include\Video\LibVLCDecoder.ixx">
      <Filter>ヘッダー ファイル\Codec</Filter>
    </ClCompile>
    <ClCompile Include="include\Transform\AnchorPoint.ixx">
      <Filter>ヘッダー ファイル\Transform</Filter>
    </ClCompile>
    <ClCompile Include="include\Transform\AnchorPoint2D.ixx">
      <Filter>ヘッダー ファイル\Transform</Filter>
    </ClCompile>
    <ClCompile Include="include\Transform\Transform2D.ixx">
      <Filter>ヘッダー ファイル\Transform</Filter>
    </ClCompile>
    <ClCompile Include="include\Transform\Scale2D.ixx">
      <Filter>ヘッダー ファイル\Transform</Filter>
    </ClCompile>
    <ClCompile Include="include\Transform\Rotate.ixx">
      <Filter>ヘッダー ファイル\Transform</Filter>
    </ClCompile>
    <ClCompile Include="src\Transform\Scale.cpp">
      <Filter>ソース ファイル\Transform</Filter>
    </ClCompile>
    <ClCompile Include="include\Transform\Scale.ixx">
      <Filter>ヘッダー ファイル\Transform</Filter>
    </ClCompile>
    <ClCompile Include="include\Color\FloatColor.ixx">
      <Filter>ヘッダー ファイル\Color</Filter>
    </ClCompile>
    <ClCompile Include="src\Color\FloatColor.cpp">
      <Filter>ソース ファイル\Color</Filter>
    </ClCompile>
    <ClCompile Include="include\Color\FloatRGBA.ixx">
      <Filter>ヘッダー ファイル\Color</Filter>
    </ClCompile>
    <ClCompile Include="include\Asset\AssetConverter.ixx">
      <Filter>ヘッダー ファイル\Asset</Filter>
    </ClCompile>
    <ClCompile Include="include\Video\AbstractEncoder.ixx">
      <Filter>ヘッダー ファイル\Codec</Filter>
    </ClCompile>
    <ClCompile Include="include\Layer\Layer2D.ixx">
      <Filter>ヘッダー ファイル\Layer</Filter>
    </ClCompile>
    <ClCompile Include="include\Video\FFMpegEncoder.ixx">
      <Filter>ヘッダー ファイル\Codec</Filter>
    </ClCompile>
    <ClCompile Include="include\Video\EncoderSettings.ixx">
      <Filter>ヘッダー ファイル\Codec</Filter>
    </ClCompile>
    <ClCompile Include="include\Common\OperationgSystem.ixx">
      <Filter>ヘッダー ファイル\Common</Filter>
    </ClCompile>
    <ClCompile Include="include\Mesh\Mesh.ixx">
      <Filter>ヘッダー ファイル\Mesh</Filter>
    </ClCompile>
    <ClCompile Include="src\Mesh\Mesh.cpp">
      <Filter>ソース ファイル\Mesh</Filter>
    </ClCompile>
    <ClCompile Include="include\Media\MediaProbe.ixx">
      <Filter>ヘッダー ファイル\Media</Filter>
    </ClCompile>
    <ClCompile Include="src\Media\MediaProbe.cpp">
      <Filter>ソース ファイル\Media</Filter>
    </ClCompile>
    <ClCompile Include="include\Media\MediaInfo.ixx">
      <Filter>ヘッダー ファイル\Media</Filter>
    </ClCompile>
    <ClCompile Include="include\Platform\Platform.ixx">
      <Filter>ヘッダー ファイル\Platform</Filter>
    </ClCompile>
    <ClCompile Include="src\Platform\Platform.cpp">
      <Filter>ソース ファイル\Platform</Filter>
    </ClCompile>
    <ClCompile Include="src\Color\Histgram.cpp">
      <Filter>ソース ファイル</Filter>
    </ClCompile>
    <ClCompile Include="src\Media\MediaInfo.cpp">
      <Filter>ソース ファイル\Media</Filter>
    </ClCompile>
    <ClCompile Include="include\Image\ImageYUV420.ixx">
      <Filter>ヘッダー ファイル\Image</Filter>
    </ClCompile>
    <ClCompile Include="include\Layer\LayerInfomation.ixx">
      <Filter>ヘッダー ファイル\Layer</Filter>
    </ClCompile>
    <ClCompile Include="include\Image\Sarturation.ixx">
      <Filter>ヘッダー ファイル\Color</Filter>
    </ClCompile>
    <ClCompile Include="src\Image\PNGImage.cpp">
      <Filter>ソース ファイル\Image</Filter>
    </ClCompile>
    <ClCompile Include="include\Image\ImageF32x4.ixx">
      <Filter>ヘッダー ファイル\Image</Filter>
    </ClCompile>
    <ClCompile Include="include\Image\OpenEXR.ixx">
      <Filter>ヘッダー ファイル\Image</Filter>
    </ClCompile>
    <ClCompile Include="include\ImageProcessing\AbstractImageEffect.ixx">
      <Filter>ヘッダー ファイル\ImageProcessing</Filter>
    </ClCompile>
    <ClCompile Include="include\Image\Blur\Blur.cpp">
      <Filter>ソース ファイル\ImageProcessing\GAPI</Filter>
    </ClCompile>
    <ClCompile Include="src\ImageProcessing\Edge.cpp">
      <Filter>ソース ファイル\ImageProcessing</Filter>
    </ClCompile>
    <ClCompile Include="include\Frame\FrameRate.ixx">
      <Filter>ヘッダー ファイル\Frame</Filter>
    </ClCompile>
    <ClCompile Include="src\Frame\FrameRate.cppm">
      <Filter>ソース ファイル\Frame</Filter>
    </ClCompile>
    <ClCompile Include="include\Frame\FrameOffset.ixx">
      <Filter>ヘッダー ファイル\Frame</Filter>
    </ClCompile>
    <ClCompile Include="include\TestEncoder.ixx">
      <Filter>ヘッダー ファイル\Codec</Filter>
    </ClCompile>
    <ClCompile Include="include\FrameRenderer.ixx">
      <Filter>ヘッダー ファイル\Render</Filter>
    </ClCompile>
    <ClCompile Include="include\ImageProcessing\OpenCV\G-API\Merge.ixx">
      <Filter>ヘッダー ファイル\ImageProcessing\GAPI</Filter>
    </ClCompile>
    <ClCompile Include="include\ImageProcessing\OpenCV\G-API\Affine.ixx">
      <Filter>ヘッダー ファイル\ImageProcessing</Filter>
    </ClCompile>
    <ClCompile Include="include\ImageProcessing\OpenCV\G-API\GPUInfo.ixx">
      <Filter>ヘッダー ファイル\GPU</Filter>
    </ClCompile>
    <ClCompile Include="src\GPU\GPUInfo.cpp">
      <Filter>ソース ファイル\GPU</Filter>
    </ClCompile>
    <ClCompile Include="src\ImageProcessing\Filter.cpp">
      <Filter>ソース ファイル\ImageProcessing\GAPI</Filter>
    </ClCompile>
    <ClCompile Include="src\ImageProcessing\ImageF32x1.ixx">
      <Filter>ヘッダー ファイル\Image</Filter>
    </ClCompile>
    <ClCompile Include="include\Image\ImageF32x4_RGBA.ixx">
      <Filter>ヘッダー ファイル\Image</Filter>
    </ClCompile>
    <ClCompile Include="include\Image\ImageF32x4_PreMulRGBA.ixx">
      <Filter>ヘッダー ファイル\Image</Filter>
    </ClCompile>
    <ClCompile Include="src\ImageProcessing\Halide\Glow.cpp">
      <Filter>ソース ファイル\ImageProcessing\Halide</Filter>
    </ClCompile>
    <ClCompile Include="src\ImageProcessing\Halide\Affin.cpp">
      <Filter>ソース ファイル\ImageProcessing\Halide</Filter>
    </ClCompile>
    <ClCompile Include="src\ImageProcessing\Halide\Defines.ixx">
      <Filter>ヘッダー ファイル\Define</Filter>
    </ClCompile>
    <ClCompile Include="src\Image\ImageF32x4_RGBA.cpp">
      <Filter>ソース ファイル\Image</Filter>
    </ClCompile>
    <ClCompile Include="src\Image\ImageYUV420.cpp">
      <Filter>ソース ファイル\Image</Filter>
    </ClCompile>
    <ClCompile Include="src\ImageProcessing\Affine.cpp">
      <Filter>ソース ファイル\ImageProcessing</Filter>
    </ClCompile>
    <ClCompile Include="include\Common\Point2D.ixx">
      <Filter>ヘッダー ファイル\Common</Filter>
    </ClCompile>
    <ClCompile Include="include\Generate\GenerateTestImage.ixx">
      <Filter>ヘッダー ファイル\ImageProcessing\OpenCV</Filter>
    </ClCompile>
    <ClCompile Include="src\Image\JPEGImage.cpp">
      <Filter>ソース ファイル\Image</Filter>
    </ClCompile>
    <ClCompile Include="include\Utils\CppLinq.cppm">
      <Filter>ヘッダー ファイル\Linq</Filter>
    </ClCompile>
    <ClCompile Include="include\Common\Size.ixx">
      <Filter>ヘッダー ファイル\Common</Filter>
    </ClCompile>
    <ClCompile Include="include\ImageProcessing\OpenCV\Draw.ixx">
      <Filter>ヘッダー ファイル\ImageProcessing\OpenCV</Filter>
    </ClCompile>
    <ClCompile Include="src\ImageProcessing\OpenCV\Draw.cppm">
      <Filter>ソース ファイル\ImageProcessing</Filter>
    </ClCompile>
    <ClCompile Include="src\Core\ShapeVertex.cpp">
      <Filter>ソース ファイル\Core</Filter>
    </ClCompile>
    <ClCompile Include="include\Core\ShapePath.ixx">
      <Filter>ヘッダー ファイル\Core</Filter>
    </ClCompile>
    <ClCompile Include="include\Core\ShapePoint.cppm">
      <Filter>ヘッダー ファイル\Core</Filter>
    </ClCompile>
    <ClCompile Include="include\Core\KeyFrame.ixx">
      <Filter>ヘッダー ファイル\Core</Filter>
    </ClCompile>
    <ClCompile Include="include\Frame\FrameTime.cppm">
      <Filter>ヘッダー ファイル\Frame</Filter>
    </ClCompile>
    <ClCompile Include="include\Core\Time.cppm">
      <Filter>ヘッダー ファイル\Core</Filter>
    </ClCompile>
    <ClCompile Include="include\Core\Exports.hpp">
      <Filter>ヘッダー ファイル\Common</Filter>
    </ClCompile>
    <ClCompile Include="include\ImageProcessing\OpenCV\Glow.ixx">
      <Filter>ヘッダー ファイル\ImageProcessing</Filter>
    </ClCompile>
    <ClCompile Include="src\ImageProcessing\OpenCV\Glow.cppm">
      <Filter>ソース ファイル\ImageProcessing\OpenCV</Filter>
    </ClCompile>
    <ClCompile Include="include\Frame\FramePosition.ixx">
      <Filter>ヘッダー ファイル\Frame</Filter>
    </ClCompile>
    <ClCompile Include="include\Frame\FrameRange.ixx">
      <Filter>ヘッダー ファイル\Frame</Filter>
    </ClCompile>
    <ClCompile Include="src\ImageProcessing\OpenCV\FilmGrain.cpp">
      <Filter>ソース ファイル\ImageProcessing\OpenCV</Filter>
    </ClCompile>
    <ClCompile Include="include\ImageProcessing\OpenCV\CvUtils.ixx">
      <Filter>ヘッダー ファイル\ImageProcessing\OpenCV</Filter>
    </ClCompile>
    <ClCompile Include="include\ImageProcessing\OpenCV\G-API\FilmGrain.ixx">
      <Filter>ヘッダー ファイル\ImageProcessing\GAPI</Filter>
    </ClCompile>
    <ClCompile Include="include\Image\LOGImage.ixx">
      <Filter>ヘッダー ファイル\Image</Filter>
    </ClCompile>
    <ClCompile Include="include\Image\Halide\HalideImageF32x4RGBA.ixx">
      <Filter>ヘッダー ファイル\Image\Halide</Filter>
    </ClCompile>
    <ClCompile Include="include\ImageProcessing\OpenCV\AntiAliasing.ixx">
      <Filter>ヘッダー ファイル\ImageProcessing\OpenCV</Filter>
    </ClCompile>
    <ClCompile Include="src\Image\Halide\HalideImageF32x4RGBA.cpp">
      <Filter>ソース ファイル\Image\Halide</Filter>
    </ClCompile>
    <ClCompile Include="include\ImageProcessing\Halide\HalideEffectManager.ixx">
      <Filter>ヘッダー ファイル\ImageProcessing\Halide</Filter>
    </ClCompile>
    <ClCompile Include="include\ImageProcessing\OpenCV\AffineCV.ixx">
      <Filter>ヘッダー ファイル\ImageProcessing\OpenCV</Filter>
    </ClCompile>
    <ClCompile Include="include\Image\JPEGImage.ixx">
      <Filter>ヘッダー ファイル\Image</Filter>
    </ClCompile>
    <ClCompile Include="include\Image\PNGImage.ixx">
      <Filter>ヘッダー ファイル\Image</Filter>
    </ClCompile>
    <ClCompile Include="include\Transform\Transform.ixx">
      <Filter>ヘッダー ファイル\Transform</Filter>
    </ClCompile>
    <ClCompile Include="include\Transform\Position2D.hpp">
      <Filter>ヘッダー ファイル\Transform</Filter>
    </ClCompile>
    <ClCompile Include="src\ImageProcessing\OpenCV\AffineCV.cppm">
      <Filter>ソース ファイル\ImageProcessing\OpenCV</Filter>
    </ClCompile>
    <ClCompile Include="src\Transform\Transform2D.cpp">
      <Filter>ソース ファイル\Transform</Filter>
    </ClCompile>
    <ClCompile Include="src\Utils\WorkAround.cpp">
      <Filter>ソース ファイル\Utils</Filter>
    </ClCompile>
    <ClCompile Include="include\Analyze\Histgram.ixx">
      <Filter>ヘッダー ファイル\Analyze</Filter>
    </ClCompile>
    <ClCompile Include="include\Analyze\Analyze.ixx">
      <Filter>ヘッダー ファイル\Analyze</Filter>
    </ClCompile>
    <ClCompile Include="src\Analyze\Hisgram.cpp">
      <Filter>ソース ファイル\Analyze\OpenCV</Filter>
    </ClCompile>
    <ClCompile Include="src\Analyze\OpenCV\OptifalFlowResult.cpp">
      <Filter>ソース ファイル\Analyze\OpenCV</Filter>
    </ClCompile>
    <ClCompile Include="include\Analyze\OpenCV\OptifalFlowResult.ixx">
      <Filter>ヘッダー ファイル\Analyze</Filter>
    </ClCompile>
    <ClCompile Include="src\ImageProcessing\OpenCV\Monochrome.cpp">
      <Filter>ソース ファイル\ImageProcessing\OpenCV</Filter>
    </ClCompile>
    <ClCompile Include="include\ImageProcessing\OpenCV\Monochrome.ixx">
      <Filter>ヘッダー ファイル\ImageProcessing\OpenCV</Filter>
    </ClCompile>
    <ClCompile Include="include\ImageProcessing\ColorTransform\ColorTransformCV.ixx">
      <Filter>ヘッダー ファイル\ImageProcessing\ColorTransform</Filter>
    </ClCompile>
    <ClCompile Include="include\ImageProcessing\ColorTransform\ColorTransform.ixx">
      <Filter>ヘッダー ファイル\ImageProcessing\ColorTransform</Filter>
    </ClCompile>
    <ClCompile Include="include\Image\Image.ixx">
      <Filter>ヘッダー ファイル\Image</Filter>
    </ClCompile>
    <ClCompile Include="include\Render\RenderSettings.ixx">
      <Filter>ヘッダー ファイル\Render</Filter>
    </ClCompile>
    <ClCompile Include="include\Render\Render.ixx">
      <Filter>ヘッダー ファイル\Render</Filter>
    </ClCompile>
    <ClCompile Include="include\IO\Image\ImageExporter.ixx">
      <Filter>ヘッダー ファイル\IO</Filter>
    </ClCompile>
    <ClCompile Include="include\Sound\SoundTrack.ixx">
      <Filter>ヘッダー ファイル\Sound</Filter>
    </ClCompile>
    <ClCompile Include="include\Codec\MFEncoder.ixx">
      <Filter>ヘッダー ファイル\Codec</Filter>
    </ClCompile>
    <ClCompile Include="src\Codec\MFEncoder.cpp">
      <Filter>ソース ファイル\Codec</Filter>
    </ClCompile>
    <ClCompile Include="include\Platform\ShellUtils.ixx">
      <Filter>ヘッダー ファイル\Platform</Filter>
    </ClCompile>
    <ClCompile Include="src\Platform\ShellUtils.cpp">
      <Filter>ソース ファイル\Platform</Filter>
    </ClCompile>
    <ClCompile Include="src\ImageProcessing\Halide\MonochromeHalide.cpp">
      <Filter>ソース ファイル\ImageProcessing\Halide</Filter>
    </ClCompile>
    <ClCompile Include="include\ImageProcessing\Halide\MonochromeHalide.ixx">
      <Filter>ヘッダー ファイル\ImageProcessing\Halide</Filter>
    </ClCompile>
    <ClCompile Include="src\ImageProcessing\AbstractImageEffect.cpp">
      <Filter>ソース ファイル\ImageProcessing</Filter>
    </ClCompile>
    <ClCompile Include="include\ImageProcessing\OpenCV\Noise.ixx">
      <Filter>ヘッダー ファイル\ImageProcessing\OpenCV</Filter>
    </ClCompile>
    <ClCompile Include="src\ImageProcessing\OpenCV\BloomCV.cpp">
      <Filter>ソース ファイル\ImageProcessing\OpenCV</Filter>
    </ClCompile>
    <ClCompile Include="include\ImageProcessing\OpenCV\BloomCV.ixx">
      <Filter>ヘッダー ファイル\ImageProcessing\OpenCV</Filter>
    </ClCompile>
    <ClCompile Include="include\ImageProcessing\OpenCV\G-API\BlurGAPI.ixx">
      <Filter>ヘッダー ファイル\ImageProcessing\GAPI</Filter>
    </ClCompile>
    <ClCompile Include="src\ImageProcessing\OpenCV\MergeCV.cpp">
      <Filter>ソース ファイル\ImageProcessing\OpenCV</Filter>
    </ClCompile>
    <ClCompile Include="src\Image\OpenCV\ImageTransformCV.cpp">
      <Filter>ソース ファイル\Image\OpenCV</Filter>
    </ClCompile>
    <ClCompile Include="include\Image\Transform\ImageTransformCV.ixx">
      <Filter>ヘッダー ファイル\Image\OpenCV</Filter>
    </ClCompile>
    <ClCompile Include="include\Asset\AssetMetaFile.ixx">
      <Filter>ヘッダー ファイル\Asset</Filter>
    </ClCompile>
    <ClCompile Include="include\Image\Export\ImageExportOptions.ixx">
      <Filter>ヘッダー ファイル\Image</Filter>
    </ClCompile>
    <ClCompile Include="src\Image\ImageExports.cpp">
      <Filter>ソース ファイル\Image</Filter>
    </ClCompile>
    <ClCompile Include="src\Image\ChromaKey.cpp">
      <Filter>ソース ファイル\ImageProcessing</Filter>
    </ClCompile>
    <ClCompile Include="src\ImageProcessing\OpenCV\VignetCV.cpp">
      <Filter>ソース ファイル\ImageProcessing\OpenCV</Filter>
    </ClCompile>
    <ClCompile Include="src\ImageProcessing\OpenCV\Posterize.cpp">
      <Filter>ソース ファイル\ImageProcessing\OpenCV</Filter>
    </ClCompile>
    <ClCompile Include="include\ImageProcessing\OpenCV\VignetCV.ixx">
      <Filter>ヘッダー ファイル\ImageProcessing\OpenCV</Filter>
    </ClCompile>
    <ClCompile Include="include\IO\IO.ixx">
      <Filter>ヘッダー ファイル\IO</Filter>
    </ClCompile>
    <ClCompile Include="include\ImageProcessing\OpenCV\PosterizeCV.ixx">
      <Filter>ヘッダー ファイル\ImageProcessing\OpenCV</Filter>
    </ClCompile>
    <ClCompile Include="src\ImageProcessing\NegativeCV.cpp">
      <Filter>ソース ファイル\ImageProcessing\OpenCV</Filter>
    </ClCompile>
    <ClCompile Include="include\ImageProcessing\OpenCV\NegativeCV.ixx">
      <Filter>ヘッダー ファイル\ImageProcessing</Filter>
    </ClCompile>
    <ClCompile Include="src\ImageProcessing\OpenCV\SepiaCV.cpp">
      <Filter>ソース ファイル\ImageProcessing\OpenCV</Filter>
    </ClCompile>
    <ClCompile Include="include\ImageProcessing\OpenCV\SepiaCV.ixx">
      <Filter>ヘッダー ファイル\ImageProcessing\OpenCV</Filter>
    </ClCompile>
    <ClCompile Include="include\Physics\2D\Physics2D.ixx">
      <Filter>ヘッダー ファイル\Physics</Filter>
    </ClCompile>
    <ClCompile Include="include\Test\Test.ixx">
      <Filter>ヘッダー ファイル\Test</Filter>
    </ClCompile>
    <ClCompile Include="include\ImageProcessing\OpenCV\VHS_CV.ixx">
      <Filter>ヘッダー ファイル\ImageProcessing\OpenCV</Filter>
    </ClCompile>
    <ClCompile Include="include\File\FileInfo.ixx">
      <Filter>ヘッダー ファイル\File</Filter>
    </ClCompile>
    <ClCompile Include="src\File\FileInfo.cpp">
      <Filter>ソース ファイル\File</Filter>
    </ClCompile>
    <ClCompile Include="include\Video\GStreamerDecoder.ixx">
      <Filter>ヘッダー ファイル\Codec</Filter>
    </ClCompile>
    <ClCompile Include="include\Time\Duration.ixx">
      <Filter>ヘッダー ファイル\Time</Filter>
    </ClCompile>
    <ClCompile Include="include\ImageProcessing\AbstractImageGenerator.ixx">
      <Filter>ヘッダー ファイル\Generator</Filter>
    </ClCompile>
    <ClCompile Include="include\Asset\AssetDatabase.ixx">
      <Filter>ヘッダー ファイル\Asset</Filter>
    </ClCompile>
    <ClCompile Include="include\ImageProcessing\OpenCV\HalfTone.ixx">
      <Filter>ヘッダー ファイル\ImageProcessing</Filter>
    </ClCompile>
    <ClCompile Include="include\Geometry\MeshEdgeExtractor.ixx">
      <Filter>ヘッダー ファイル\Geometry</Filter>
    </ClCompile>
    <ClCompile Include="include\Geometry\Float3.ixx">
      <Filter>ヘッダー ファイル\Math</Filter>
    </ClCompile>
    <ClCompile Include="include\Geometry\Opacity.ixx">
      <Filter>ヘッダー ファイル\Core</Filter>
    </ClCompile>
    <ClCompile Include="include\Transform\Camera.ixx">
      <Filter>ヘッダー ファイル\Core</Filter>
    </ClCompile>
    <ClCompile Include="src\Core\Camera.cpp">
      <Filter>ソース ファイル\Core</Filter>
    </ClCompile>
    <ClCompile Include="include\Geometry\Float4.ixx">
      <Filter>ヘッダー ファイル\Math</Filter>
    </ClCompile>
    <ClCompile Include="include\Script\hostfxr.ixx">
      <Filter>ヘッダー ファイル\Script\hostfxr</Filter>
    </ClCompile>
    <ClCompile Include="include\Script\Script.ixx">
      <Filter>ヘッダー ファイル\Script</Filter>
    </ClCompile>
    <ClCompile Include="src\Script\hostfxr.cppm">
      <Filter>ソース ファイル\Script</Filter>
    </ClCompile>
    <ClCompile Include="include\Platform\PlatformHint.ixx">
      <Filter>ヘッダー ファイル\Platform</Filter>
    </ClCompile>
    <ClCompile Include="include\Asset\AbstractAssetFile.ixx">
      <Filter>ヘッダー ファイル\Asset</Filter>
    </ClCompile>
    <ClCompile Include="include\Composition\CompositionBuffer2D.ixx">
      <Filter>ヘッダー ファイル\Composition</Filter>
    </ClCompile>
    <ClCompile Include="include\Utils\WindowStyleCSS.ixx">
      <Filter>ヘッダー ファイル\Utils</Filter>
    </ClCompile>
    <ClCompile Include="include\ImageProcessing\OpenCV\Grading\BrightnessContrast.ixx">
      <Filter>ヘッダー ファイル\ImageProcessing\Grading</Filter>
    </ClCompile>
    <ClCompile Include="include\Graphics\GPUComputeContext.ixx">
      <Filter>ヘッダー ファイル\Graphics</Filter>
    </ClCompile>
    <ClCompile Include="include\Graphics\Graphics.ixx">
      <Filter>ヘッダー ファイル\Graphics</Filter>
    </ClCompile>
    <ClCompile Include="include\Image\VkImage.ixx">
      <Filter>ヘッダー ファイル\Image\Vulkan</Filter>
    </ClCompile>
    <ClCompile Include="include\Image\MultiChannelImage.ixx">
      <Filter>ヘッダー ファイル\Image</Filter>
    </ClCompile>
    <ClCompile Include="src\Graphics\GPUComputeContext.cpp">
      <Filter>ソース ファイル\Graphics</Filter>
    </ClCompile>
    <ClCompile Include="include\Graphics\TextureFactory.ixx">
      <Filter>ヘッダー ファイル\Graphics</Filter>
    </ClCompile>
    <ClCompile Include="include\Image\ImageF32x4_With_Cache.ixx">
      <Filter>ヘッダー ファイル\Image</Filter>
    </ClCompile>
    <ClCompile Include="src\Image\ImageF32x4_With_Cache.cpp">
      <Filter>ソース ファイル\Image</Filter>
    </ClCompile>
    <ClCompile Include="include\Image\CompressQuality.ixx">
      <Filter>ヘッダー ファイル\Image</Filter>
    </ClCompile>
    <ClCompile Include="include\Geometry\MeshImporter.ixx">
      <Filter>ヘッダー ファイル\Geometry</Filter>
    </ClCompile>
    <ClCompile Include="include\Render\RenderableObject.ixx">
      <Filter>ヘッダー ファイル\Render</Filter>
    </ClCompile>
    <ClCompile Include="include\Render\Material.ixx">
      <Filter>ヘッダー ファイル\Render</Filter>
    </ClCompile>
    <ClCompile Include="src\IO\Image\ImageImporter.cpp">
      <Filter>ソース ファイル\IO</Filter>
    </ClCompile>
    <ClCompile Include="src\IO\Image\ImageExporter.cpp">
      <Filter>ソース ファイル\IO</Filter>
    </ClCompile>
    <ClCompile Include="include\IO\Image\ImageImporter.ixx">
      <Filter>ヘッダー ファイル\IO</Filter>
    </ClCompile>
    <ClCompile Include="src\EnvironmentVariable\EnvironmentVariable.cpp">
      <Filter>ソース ファイル\EnvironmentVariable</Filter>
    </ClCompile>
    <ClCompile Include="include\EnvironmentVariable\EnvironmentVariable.ixx">
      <Filter>ヘッダー ファイル\EnviromentVariable</Filter>
    </ClCompile>
    <ClCompile Include="include\ImageProcessing\Halide\HalideTest.ixx">
      <Filter>ヘッダー ファイル\ImageProcessing\Halide</Filter>
    </ClCompile>
    <ClCompile Include="include\ImageProcessing\OpenCV\NegateCV.ixx">
      <Filter>ヘッダー ファイル\ImageProcessing\OpenCV</Filter>
    </ClCompile>
    <ClCompile Include="include\ImageProcessing\DirectCompute\NegateCS.ixx">
      <Filter>ヘッダー ファイル\ImageProcessing\DirectCompute</Filter>
    </ClCompile>
    <ClCompile Include="src\ImageProcessing\DirectCompute\NegateCS.cpp">
      <Filter>ソース ファイル\ImageProcessing\DirectCompute</Filter>
    </ClCompile>
    <ClCompile Include="include\ImageProcessing\OpenCV\AddBlockNoise.ixx">
      <Filter>ヘッダー ファイル\ImageProcessing\OpenCV</Filter>
    </ClCompile>
    <ClCompile Include="src\ImageProcessing\OpenCV\AddBlockNoise.cpp">
      <Filter>ソース ファイル\ImageProcessing\OpenCV</Filter>
    </ClCompile>
    <ClCompile Include="include\ImageProcessing\OpenCV\LiftCV.ixx">
      <Filter>ヘッダー ファイル\ImageProcessing\OpenCV</Filter>
    </ClCompile>
    <ClCompile Include="include\IO\Image\SearchImage.ixx">
      <Filter>ヘッダー ファイル\IO</Filter>
    </ClCompile>
    <ClCompile Include="include\ImageProcessing\DirectCompute\MonochromeCS.ixx">
      <Filter>ヘッダー ファイル\ImageProcessing\DirectCompute</Filter>
    </ClCompile>
    <ClCompile Include="include\Graphics\Shader\HLSL\GraphicsHelper.ixx">
      <Filter>ヘッダー ファイル\Graphics</Filter>
    </ClCompile>
    <ClCompile Include="src\ImageProcessing\DirectCompute\MonochromeCS.cpp">
      <Filter>ソース ファイル\ImageProcessing\DirectCompute</Filter>
    </ClCompile>
    <ClCompile Include="include\ImageProcessing\DirectCompute\GaussianBlurCS.ixx">
      <Filter>ヘッダー ファイル\ImageProcessing\DirectCompute</Filter>
    </ClCompile>
    <ClCompile Include="GlowCS.ixx">
      <Filter>ヘッダー ファイル\ImageProcessing\DirectCompute</Filter>
    </ClCompile>
    <ClCompile Include="src\ImageProcessing\DirectCompute\GlowCS.cpp">
      <Filter>ソース ファイル\ImageProcessing\DirectCompute</Filter>
    </ClCompile>
    <ClCompile Include="include\Track\LayerTrack.ixx">
      <Filter>ヘッダー ファイル\Track</Filter>
    </ClCompile>
    <ClCompile Include="include\Media\Media.ixx">
      <Filter>ヘッダー ファイル\Media</Filter>
    </ClCompile>
    <ClCompile Include="include\Media\MediaFrame.ixx">
      <Filter>ヘッダー ファイル\Media</Filter>
    </ClCompile>
    <ClCompile Include="include\IO\Image\ImageExporterAsync.ixx">
      <Filter>ヘッダー ファイル\IO</Filter>
    </ClCompile>
    <ClCompile Include="include\Layer\LayerStrip.ixx">
      <Filter>ヘッダー ファイル\Layer</Filter>
    </ClCompile>
    <ClCompile Include="include\ImageProcessing\OpenCV\SpectralGlowCV.ixx">
      <Filter>ヘッダー ファイル\ImageProcessing\OpenCV</Filter>
    </ClCompile>
    <ClCompile Include="src\ImageProcessing\OpenCV\SpectralGlowCV.cpp">
      <Filter>ソース ファイル\ImageProcessing\OpenCV</Filter>
    </ClCompile>
    <ClCompile Include="include\ImageProcessing\OpenCV\GlitchCV.ixx">
      <Filter>ヘッダー ファイル\ImageProcessing</Filter>
    </ClCompile>
    <ClCompile Include="include\Utils\ScopedTimer.ixx">
      <Filter>ヘッダー ファイル\Utils</Filter>
    </ClCompile>
    <ClCompile Include="include\Utils\Utils.ixx">
      <Filter>ヘッダー ファイル\Utils</Filter>
    </ClCompile>
    <ClCompile Include="include\Graphics\GPUTextureCacheManager.ixx">
      <Filter>ヘッダー ファイル\Graphics</Filter>
    </ClCompile>
    <ClCompile Include="src\Graphics\GPUTextureCacheManager.cppm">
      <Filter>ソース ファイル\Graphics</Filter>
    </ClCompile>
    <ClCompile Include="include\Layer\LayerOptions.ixx">
      <Filter>ヘッダー ファイル\Layer</Filter>
    </ClCompile>
    <ClCompile Include="src\Layer\LayerOptions.cpp">
      <Filter>ソース ファイル\Layer</Filter>
    </ClCompile>
    <ClCompile Include="include\Layer\Opacity.ixx">
      <Filter>ヘッダー ファイル\Layer</Filter>
    </ClCompile>
    <ClCompile Include="include\Core\Core.ixx">
      <Filter>ヘッダー ファイル\Core</Filter>
    </ClCompile>
    <ClCompile Include="src\Core\KeyFrame.cpp">
      <Filter>ソース ファイル\Core</Filter>
    </ClCompile>
    <ClCompile Include="include\Geometry\Interpolate.ixx">
      <Filter>ヘッダー ファイル\Math</Filter>
    </ClCompile>
    <ClCompile Include="src\Math\Interpolate.cpp">
      <Filter>ソース ファイル\Math</Filter>
    </ClCompile>
    <ClCompile Include="include\ImageProcessing\OpenCV\EdgeCV.ixx">
      <Filter>ヘッダー ファイル\ImageProcessing</Filter>
    </ClCompile>
    <ClCompile Include="src\Image\CompressQuality.cpp">
      <Filter>ソース ファイル\Image</Filter>
    </ClCompile>
    <ClCompile Include="include\Utils\HashValue.ixx">
      <Filter>ヘッダー ファイル\Utils</Filter>
    </ClCompile>
    <ClCompile Include="src\Utils\HashValue.cpp">
      <Filter>ソース ファイル\Utils</Filter>
    </ClCompile>
    <ClCompile Include="include\Asset\ImageAsset.ixx">
      <Filter>ヘッダー ファイル\Asset</Filter>
    </ClCompile>
    <ClCompile Include="include\Asset\AsseetImporter.ixx">
      <Filter>ヘッダー ファイル\Asset</Filter>
    </ClCompile>
    <ClCompile Include="include\Video\FFMpegDecoder.ixx">
      <Filter>ヘッダー ファイル\Codec</Filter>
    </ClCompile>
    <ClCompile Include="src\Video\FFMpegDecoder.cpp">
      <Filter>ソース ファイル\Codec</Filter>
    </ClCompile>
    <ClCompile Include="include\Video\PlaybackManager.ixx">
      <Filter>ヘッダー ファイル\Video</Filter>
    </ClCompile>
    <ClCompile Include="include\Video\Video.ixx">
      <Filter>ヘッダー ファイル\Video</Filter>
    </ClCompile>
    <ClCompile Include="src\Video\PlaybackManager.cpp">
      <Filter>ソース ファイル\Video</Filter>
    </ClCompile>
    <ClCompile Include="include\Image\RawImage.ixx">
      <Filter>ヘッダー ファイル\Image</Filter>
    </ClCompile>
  </ItemGroup>
  <ItemGroup>
    <None Include="include\Image\CvMatPaintDevice.hpp">
      <Filter>ヘッダー ファイル\Image</Filter>
    </None>
    <None Include="src\Image\CvMatPaintEngine.cpp">
      <Filter>ソース ファイル\Image</Filter>
    </None>
    <None Include="include\Composition\OpenCVCompositionBuffer2D.hpp">
      <Filter>ヘッダー ファイル\Composition</Filter>
    </None>
    <None Include="src\Composition\OpenCVCompositionBuffer2D.cpp">
      <Filter>ソース ファイル\Composition</Filter>
    </None>
    <None Include="include\third_party\Core">
      <Filter>ヘッダー ファイル\third_party</Filter>
    </None>
    <None Include="include\Channel\DiskSize.ixx">
      <Filter>ヘッダー ファイル\Common</Filter>
    </None>
    <None Include="src\Layer\Layer2DSetting.cpp">
      <Filter>ソース ファイル\Layer</Filter>
    </None>
    <None Include="src\Image\FFmpegEncoder.cpp">
      <Filter>ソース ファイル\Codec</Filter>
    </None>
    <None Include="include\ImageProcessing\Halide\Lift.ixx">
      <Filter>ヘッダー ファイル\ImageProcessing\Halide</Filter>
    </None>
    <None Include="src\Layer\LayerStrip.cpp">
      <Filter>ソース ファイル\Layer</Filter>
    </None>
  </ItemGroup>
  <ItemGroup>
    <FxCompile Include="include\Graphics\Shader\HLSL\FloatBGRAtoRGBA.hlsl">
      <Filter>ヘッダー ファイル\Graphics\Shader</Filter>
    </FxCompile>
    <FxCompile Include="include\Graphics\Shader\HLSL\Negate.hlsl">
      <Filter>ヘッダー ファイル\Graphics\Shader</Filter>
    </FxCompile>
    <FxCompile Include="include\ImageProcessing\DirectCompute\Mono.hlsl">
      <Filter>ヘッダー ファイル\Graphics\Shader</Filter>
    </FxCompile>
    <FxCompile Include="include\Graphics\Shader\HLSL\RGBAChannelSwap.hlsl">
      <Filter>ヘッダー ファイル\Graphics\Shader</Filter>
    </FxCompile>
    <FxCompile Include="include\Graphics\Shader\HLSL\Glow.hlsl">
      <Filter>ヘッダー ファイル\Graphics\Shader</Filter>
    </FxCompile>
    <FxCompile Include="include\Graphics\Shader\HLSL\LuminanceExtractionBGRA.hlsl">
      <Filter>ヘッダー ファイル\Graphics\Shader</Filter>
    </FxCompile>
    <FxCompile Include="include\ImageProcessing\DirectCompute\Thresholding.hlsl">
      <Filter>ヘッダー ファイル\Graphics\Shader</Filter>
    </FxCompile>
    <FxCompile Include="include\Graphics\Shader\HLSL\Mask\EdgeMask.hlsl">
      <Filter>ヘッダー ファイル\Graphics\Shader</Filter>
    </FxCompile>
  </ItemGroup>
</Project>