<?xml version="1.0" encoding="utf-8"?>
<Project ToolsVersion="4.0" xmlns="http://schemas.microsoft.com/developer/msbuild/2003">
  <ItemGroup>
    <Filter Include="ソース ファイル">
      <UniqueIdentifier>{4FC737F1-C7A5-4376-A066-2A32D752A2FF}</UniqueIdentifier>
      <Extensions>cpp;c;cc;cxx;c++;cppm;ixx;def;odl;idl;hpj;bat;asm;asmx</Extensions>
    </Filter>
    <Filter Include="ヘッダー ファイル">
      <UniqueIdentifier>{93995380-89BD-4b04-88EB-625FBE52EBFB}</UniqueIdentifier>
      <Extensions>h;hh;hpp;hxx;h++;hm;inl;inc;ipp;xsd</Extensions>
    </Filter>
    <Filter Include="リソース ファイル">
      <UniqueIdentifier>{67DA6AB6-F800-4c08-8B7A-83BB121AAD01}</UniqueIdentifier>
      <Extensions>rc;ico;cur;bmp;dlg;rc2;rct;bin;rgs;gif;jpg;jpeg;jpe;resx;tiff;tif;png;wav;mfcribbon-ms</Extensions>
    </Filter>
    <Filter Include="ヘッダー ファイル\Image">
      <UniqueIdentifier>{dcb74a76-a9d8-412b-9da6-21bdad182052}</UniqueIdentifier>
    </Filter>
    <Filter Include="ヘッダー ファイル\ImageProcessing">
      <UniqueIdentifier>{16500490-ef36-4d24-843d-50b424ec7908}</UniqueIdentifier>
    </Filter>
    <Filter Include="ヘッダー ファイル\Asset">
      <UniqueIdentifier>{3a9112ba-bff9-434c-8e9d-ff9c0b5dec48}</UniqueIdentifier>
    </Filter>
    <Filter Include="ヘッダー ファイル\Codec">
      <UniqueIdentifier>{6077b6a5-6d0a-4d88-8084-9a93bd7d86ca}</UniqueIdentifier>
    </Filter>
    <Filter Include="ヘッダー ファイル\Color">
      <UniqueIdentifier>{457c2f11-9ad1-438b-8862-a1bcb1850f4a}</UniqueIdentifier>
    </Filter>
    <Filter Include="ソース ファイル\Color">
      <UniqueIdentifier>{cfa94d34-6cdc-4389-abd6-4b1435855278}</UniqueIdentifier>
    </Filter>
    <Filter Include="ソース ファイル\Image">
      <UniqueIdentifier>{726ff667-eb1c-45dd-a05a-50a05afefcc8}</UniqueIdentifier>
    </Filter>
    <Filter Include="ソース ファイル\Asset">
      <UniqueIdentifier>{e88e6b5a-f92b-4636-947a-dc8d40b5dbfd}</UniqueIdentifier>
    </Filter>
    <Filter Include="ソース ファイル\ImageProcessing">
      <UniqueIdentifier>{c798c434-72ed-48b9-a184-4e4a66263c9d}</UniqueIdentifier>
    </Filter>
    <Filter Include="ソース ファイル\Codec">
      <UniqueIdentifier>{c5d0048e-3512-456d-a549-45f126c7e067}</UniqueIdentifier>
    </Filter>
    <Filter Include="ソース ファイル\Format">
      <UniqueIdentifier>{4a983046-c26b-413d-bd5e-cddd286a004e}</UniqueIdentifier>
    </Filter>
    <Filter Include="ソース ファイル\Generator">
      <UniqueIdentifier>{3a86626d-b7bf-4179-9d6b-24ec4ef13cb3}</UniqueIdentifier>
    </Filter>
    <Filter Include="ヘッダー ファイル\Generator">
      <UniqueIdentifier>{76daaacf-34eb-4371-863b-2cb0e46fe212}</UniqueIdentifier>
    </Filter>
    <Filter Include="ヘッダー ファイル\Mesh">
      <UniqueIdentifier>{9ceaa50d-cf5a-4556-bdd4-2f86c03ea434}</UniqueIdentifier>
    </Filter>
    <Filter Include="ソース ファイル\Mesh">
      <UniqueIdentifier>{55e2f88a-e71f-49f9-80a6-333b58a04e20}</UniqueIdentifier>
    </Filter>
    <Filter Include="ヘッダー ファイル\Knob">
      <UniqueIdentifier>{69573baf-95cc-4cd2-92db-75b2085944ac}</UniqueIdentifier>
    </Filter>
    <Filter Include="ヘッダー ファイル\Cache">
      <UniqueIdentifier>{4e035de1-eb08-4fcc-b34b-1b37671c9388}</UniqueIdentifier>
    </Filter>
    <Filter Include="ヘッダー ファイル\Render">
      <UniqueIdentifier>{4561b96e-4a16-40be-a18d-92959afd4afc}</UniqueIdentifier>
    </Filter>
    <Filter Include="ヘッダー ファイル\Script">
      <UniqueIdentifier>{3b8fe800-793e-430a-ab7c-976640d77123}</UniqueIdentifier>
    </Filter>
    <Filter Include="ヘッダー ファイル\Composition">
      <UniqueIdentifier>{12ad6f73-f992-4a28-ae59-5ab8c93b174e}</UniqueIdentifier>
    </Filter>
    <Filter Include="ヘッダー ファイル\Rule">
      <UniqueIdentifier>{9adf484d-6d82-40d1-938f-6076dea3533f}</UniqueIdentifier>
    </Filter>
    <Filter Include="ヘッダー ファイル\File">
      <UniqueIdentifier>{8720a8ca-4df1-49f8-ae97-bd2cc8a8ed6d}</UniqueIdentifier>
    </Filter>
  </ItemGroup>
  <ItemGroup>
    <ClInclude Include="include\ImageProcessing\NoiseImageGenerator.hpp">
      <Filter>ヘッダー ファイル\Generator</Filter>
    </ClInclude>
    <ClInclude Include="include\ImageProcessing\AbstractImageGenerator.hpp">
      <Filter>ヘッダー ファイル\Generator</Filter>
    </ClInclude>
    <ClInclude Include="include\Video\GStreamerEncoder.hpp">
      <Filter>ヘッダー ファイル\Codec</Filter>
    </ClInclude>
    <ClInclude Include="include\Video\GStreamerDecoder.hpp">
      <Filter>ヘッダー ファイル\Codec</Filter>
    </ClInclude>
    <ClInclude Include="include\Image\FloatImage.hpp">
      <Filter>ヘッダー ファイル\Image</Filter>
    </ClInclude>
    <ClInclude Include="include\Image\LOGImage.hpp">
      <Filter>ヘッダー ファイル\Image</Filter>
    </ClInclude>
    <ClInclude Include="include\Image\PNGImage.hpp">
      <Filter>ヘッダー ファイル\Image</Filter>
    </ClInclude>
    <ClInclude Include="include\Mesh\WavefrontObj.hpp">
      <Filter>ヘッダー ファイル\Mesh</Filter>
    </ClInclude>
    <ClInclude Include="include\Mesh\FBX.hpp">
      <Filter>ヘッダー ファイル\Mesh</Filter>
    </ClInclude>
    <ClInclude Include="include\Knob\AbstractKnob.hpp">
      <Filter>ヘッダー ファイル\Knob</Filter>
    </ClInclude>
    <ClInclude Include="include\Image\BitmapImage.hpp">
      <Filter>ヘッダー ファイル\Image</Filter>
    </ClInclude>
    <ClInclude Include="include\Knob\KnobList.hpp">
      <Filter>ヘッダー ファイル\Knob</Filter>
    </ClInclude>
    <ClInclude Include="include\Color\Alpha.hpp">
      <Filter>ヘッダー ファイル\Color</Filter>
    </ClInclude>
    <ClInclude Include="include\Image\OpenEXR.hpp">
      <Filter>ヘッダー ファイル\Image</Filter>
    </ClInclude>
    <ClInclude Include="include\Script\CSharpScriptEngine.hpp">
      <Filter>ヘッダー ファイル\Script</Filter>
    </ClInclude>
    <ClInclude Include="include\Rule\NamingRule.hpp">
      <Filter>ヘッダー ファイル\Rule</Filter>
    </ClInclude>
    <ClInclude Include="include\Composition\CompositionBuffer2D.hpp">
      <Filter>ヘッダー ファイル\Composition</Filter>
    </ClInclude>
    <ClInclude Include="include\File\FileInfo.hpp">
      <Filter>ヘッダー ファイル\File</Filter>
    </ClInclude>
    <ClInclude Include="include\Asset\AssetMetaFile.hpp">
      <Filter>ヘッダー ファイル\Asset</Filter>
    </ClInclude>
    <ClInclude Include="include\Asset\AbstractAssetFile.hpp">
      <Filter>ヘッダー ファイル\Asset</Filter>
    </ClInclude>
    <ClInclude Include="include\Asset\AssetConverter.hpp">
      <Filter>ヘッダー ファイル\Asset</Filter>
    </ClInclude>
    <ClInclude Include="include\Color\FloatColor.hpp">
      <Filter>ヘッダー ファイル\Color</Filter>
    </ClInclude>
  </ItemGroup>
  <ItemGroup>
    <ClCompile Include="src\Codec\GStreamerDecoder.cpp">
      <Filter>ソース ファイル\Codec</Filter>
    </ClCompile>
    <ClCompile Include="src\Mesh\WavefrontObj.cpp">
      <Filter>ソース ファイル\Mesh</Filter>
    </ClCompile>
    <ClCompile Include="src\Image\BitmapImage.cpp">
      <Filter>ソース ファイル\Image</Filter>
    </ClCompile>
    <ClCompile Include="src\Image\MeshEncoder.cpp">
      <Filter>ソース ファイル\Codec</Filter>
    </ClCompile>
    <ClCompile Include="src\Image\FloatImage.cpp">
      <Filter>ソース ファイル\Image</Filter>
    </ClCompile>
  </ItemGroup>
</Project>